// !$*UTF8*$!
{
	archiveVersion = 1;
	classes = {
	};
	objectVersion = 46;
	objects = {

/* Begin PBXBuildFile section */
		77D3C4A519A903AA001F00EC /* Foundation.framework in Frameworks */ = {isa = PBXBuildFile; fileRef = 77D3C4A419A903AA001F00EC /* Foundation.framework */; };
		77D3C4A719A903AA001F00EC /* CoreGraphics.framework in Frameworks */ = {isa = PBXBuildFile; fileRef = 77D3C4A619A903AA001F00EC /* CoreGraphics.framework */; };
		77D3C4A919A903AA001F00EC /* UIKit.framework in Frameworks */ = {isa = PBXBuildFile; fileRef = 77D3C4A819A903AA001F00EC /* UIKit.framework */; };
		77D3C4C719A903AB001F00EC /* XCTest.framework in Frameworks */ = {isa = PBXBuildFile; fileRef = 77D3C4C619A903AB001F00EC /* XCTest.framework */; };
		77D3C4C819A903AB001F00EC /* Foundation.framework in Frameworks */ = {isa = PBXBuildFile; fileRef = 77D3C4A419A903AA001F00EC /* Foundation.framework */; };
		77D3C4C919A903AB001F00EC /* UIKit.framework in Frameworks */ = {isa = PBXBuildFile; fileRef = 77D3C4A819A903AA001F00EC /* UIKit.framework */; };
		77D3C4D119A903AB001F00EC /* InfoPlist.strings in Resources */ = {isa = PBXBuildFile; fileRef = 77D3C4CF19A903AB001F00EC /* InfoPlist.strings */; };
		77D3C4D319A903AB001F00EC /* EuropeanaAppTests.m in Sources */ = {isa = PBXBuildFile; fileRef = 77D3C4D219A903AB001F00EC /* EuropeanaAppTests.m */; };
		E597D9F919A90FA700E308A9 /* IXLocationManager.m in Sources */ = {isa = PBXBuildFile; fileRef = E597D9F819A90FA700E308A9 /* IXLocationManager.m */; };
		E597D9FB19A90FE900E308A9 /* Images.xcassets in Resources */ = {isa = PBXBuildFile; fileRef = E597D9FA19A90FE900E308A9 /* Images.xcassets */; };
		E597DA0019A90FFE00E308A9 /* Main_iPad.storyboard in Resources */ = {isa = PBXBuildFile; fileRef = E597D9FC19A90FFE00E308A9 /* Main_iPad.storyboard */; };
		E597DA0119A90FFE00E308A9 /* Main_iPhone.storyboard in Resources */ = {isa = PBXBuildFile; fileRef = E597D9FE19A90FFE00E308A9 /* Main_iPhone.storyboard */; };
		E597DA0519A9100D00E308A9 /* EuropeanaApp-Info.plist in Resources */ = {isa = PBXBuildFile; fileRef = E597DA0219A9100D00E308A9 /* EuropeanaApp-Info.plist */; };
		E597DA0619A9100D00E308A9 /* main.m in Sources */ = {isa = PBXBuildFile; fileRef = E597DA0419A9100D00E308A9 /* main.m */; };
		E597DA0919A9103E00E308A9 /* IXViewController.m in Sources */ = {isa = PBXBuildFile; fileRef = E597DA0819A9103E00E308A9 /* IXViewController.m */; };
		E597DA0C19A9104C00E308A9 /* IXManager.m in Sources */ = {isa = PBXBuildFile; fileRef = E597DA0B19A9104C00E308A9 /* IXManager.m */; };
		E597DA0F19A9105D00E308A9 /* IXAudioManager.m in Sources */ = {isa = PBXBuildFile; fileRef = E597DA0E19A9105D00E308A9 /* IXAudioManager.m */; };
		E597DA1219A9106800E308A9 /* IXAppDelegate.m in Sources */ = {isa = PBXBuildFile; fileRef = E597DA1119A9106800E308A9 /* IXAppDelegate.m */; };
/* End PBXBuildFile section */

/* Begin PBXContainerItemProxy section */
		77D3C4CA19A903AB001F00EC /* PBXContainerItemProxy */ = {
			isa = PBXContainerItemProxy;
			containerPortal = 77D3C49919A903AA001F00EC /* Project object */;
			proxyType = 1;
			remoteGlobalIDString = 77D3C4A019A903AA001F00EC;
			remoteInfo = EuropeanaApp;
		};
/* End PBXContainerItemProxy section */

/* Begin PBXFileReference section */
		77D3C4A119A903AA001F00EC /* EuropeanaApp.app */ = {isa = PBXFileReference; explicitFileType = wrapper.application; includeInIndex = 0; path = EuropeanaApp.app; sourceTree = BUILT_PRODUCTS_DIR; };
		77D3C4A419A903AA001F00EC /* Foundation.framework */ = {isa = PBXFileReference; lastKnownFileType = wrapper.framework; name = Foundation.framework; path = System/Library/Frameworks/Foundation.framework; sourceTree = SDKROOT; };
		77D3C4A619A903AA001F00EC /* CoreGraphics.framework */ = {isa = PBXFileReference; lastKnownFileType = wrapper.framework; name = CoreGraphics.framework; path = System/Library/Frameworks/CoreGraphics.framework; sourceTree = SDKROOT; };
		77D3C4A819A903AA001F00EC /* UIKit.framework */ = {isa = PBXFileReference; lastKnownFileType = wrapper.framework; name = UIKit.framework; path = System/Library/Frameworks/UIKit.framework; sourceTree = SDKROOT; };
		77D3C4C519A903AB001F00EC /* EuropeanaAppTests.xctest */ = {isa = PBXFileReference; explicitFileType = wrapper.cfbundle; includeInIndex = 0; path = EuropeanaAppTests.xctest; sourceTree = BUILT_PRODUCTS_DIR; };
		77D3C4C619A903AB001F00EC /* XCTest.framework */ = {isa = PBXFileReference; lastKnownFileType = wrapper.framework; name = XCTest.framework; path = Library/Frameworks/XCTest.framework; sourceTree = DEVELOPER_DIR; };
		77D3C4CE19A903AB001F00EC /* EuropeanaAppTests-Info.plist */ = {isa = PBXFileReference; lastKnownFileType = text.plist.xml; path = "EuropeanaAppTests-Info.plist"; sourceTree = "<group>"; };
		77D3C4D019A903AB001F00EC /* en */ = {isa = PBXFileReference; lastKnownFileType = text.plist.strings; name = en; path = en.lproj/InfoPlist.strings; sourceTree = "<group>"; };
		77D3C4D219A903AB001F00EC /* EuropeanaAppTests.m */ = {isa = PBXFileReference; lastKnownFileType = sourcecode.c.objc; path = EuropeanaAppTests.m; sourceTree = "<group>"; };
		E597D9F719A90FA700E308A9 /* IXLocationManager.h */ = {isa = PBXFileReference; fileEncoding = 4; lastKnownFileType = sourcecode.c.h; path = IXLocationManager.h; sourceTree = "<group>"; };
		E597D9F819A90FA700E308A9 /* IXLocationManager.m */ = {isa = PBXFileReference; fileEncoding = 4; lastKnownFileType = sourcecode.c.objc; path = IXLocationManager.m; sourceTree = "<group>"; };
		E597D9FA19A90FE900E308A9 /* Images.xcassets */ = {isa = PBXFileReference; lastKnownFileType = folder.assetcatalog; path = Images.xcassets; sourceTree = "<group>"; };
		E597D9FD19A90FFE00E308A9 /* Base */ = {isa = PBXFileReference; lastKnownFileType = file.storyboard; name = Base; path = Base.lproj/Main_iPad.storyboard; sourceTree = "<group>"; };
		E597D9FF19A90FFE00E308A9 /* Base */ = {isa = PBXFileReference; lastKnownFileType = file.storyboard; name = Base; path = Base.lproj/Main_iPhone.storyboard; sourceTree = "<group>"; };
		E597DA0219A9100D00E308A9 /* EuropeanaApp-Info.plist */ = {isa = PBXFileReference; fileEncoding = 4; lastKnownFileType = text.plist.xml; name = "EuropeanaApp-Info.plist"; path = "Resources/EuropeanaApp-Info.plist"; sourceTree = "<group>"; };
		E597DA0319A9100D00E308A9 /* EuropeanaApp-Prefix.pch */ = {isa = PBXFileReference; fileEncoding = 4; lastKnownFileType = sourcecode.c.h; name = "EuropeanaApp-Prefix.pch"; path = "Resources/EuropeanaApp-Prefix.pch"; sourceTree = "<group>"; };
		E597DA0419A9100D00E308A9 /* main.m */ = {isa = PBXFileReference; fileEncoding = 4; lastKnownFileType = sourcecode.c.objc; name = main.m; path = Resources/main.m; sourceTree = "<group>"; };
		E597DA0719A9103E00E308A9 /* IXViewController.h */ = {isa = PBXFileReference; fileEncoding = 4; lastKnownFileType = sourcecode.c.h; path = IXViewController.h; sourceTree = "<group>"; };
		E597DA0819A9103E00E308A9 /* IXViewController.m */ = {isa = PBXFileReference; fileEncoding = 4; lastKnownFileType = sourcecode.c.objc; path = IXViewController.m; sourceTree = "<group>"; };
		E597DA0A19A9104C00E308A9 /* IXManager.h */ = {isa = PBXFileReference; fileEncoding = 4; lastKnownFileType = sourcecode.c.h; path = IXManager.h; sourceTree = "<group>"; };
		E597DA0B19A9104C00E308A9 /* IXManager.m */ = {isa = PBXFileReference; fileEncoding = 4; lastKnownFileType = sourcecode.c.objc; path = IXManager.m; sourceTree = "<group>"; };
		E597DA0D19A9105D00E308A9 /* IXAudioManager.h */ = {isa = PBXFileReference; fileEncoding = 4; lastKnownFileType = sourcecode.c.h; path = IXAudioManager.h; sourceTree = "<group>"; };
		E597DA0E19A9105D00E308A9 /* IXAudioManager.m */ = {isa = PBXFileReference; fileEncoding = 4; lastKnownFileType = sourcecode.c.objc; path = IXAudioManager.m; sourceTree = "<group>"; };
		E597DA1019A9106800E308A9 /* IXAppDelegate.h */ = {isa = PBXFileReference; fileEncoding = 4; lastKnownFileType = sourcecode.c.h; path = IXAppDelegate.h; sourceTree = "<group>"; };
		E597DA1119A9106800E308A9 /* IXAppDelegate.m */ = {isa = PBXFileReference; fileEncoding = 4; lastKnownFileType = sourcecode.c.objc; path = IXAppDelegate.m; sourceTree = "<group>"; };
/* End PBXFileReference section */

/* Begin PBXFrameworksBuildPhase section */
		77D3C49E19A903AA001F00EC /* Frameworks */ = {
			isa = PBXFrameworksBuildPhase;
			buildActionMask = 2147483647;
			files = (
				77D3C4A719A903AA001F00EC /* CoreGraphics.framework in Frameworks */,
				77D3C4A919A903AA001F00EC /* UIKit.framework in Frameworks */,
				77D3C4A519A903AA001F00EC /* Foundation.framework in Frameworks */,
			);
			runOnlyForDeploymentPostprocessing = 0;
		};
		77D3C4C219A903AB001F00EC /* Frameworks */ = {
			isa = PBXFrameworksBuildPhase;
			buildActionMask = 2147483647;
			files = (
				77D3C4C719A903AB001F00EC /* XCTest.framework in Frameworks */,
				77D3C4C919A903AB001F00EC /* UIKit.framework in Frameworks */,
				77D3C4C819A903AB001F00EC /* Foundation.framework in Frameworks */,
			);
			runOnlyForDeploymentPostprocessing = 0;
		};
/* End PBXFrameworksBuildPhase section */

/* Begin PBXGroup section */
		77D3C49819A903AA001F00EC = {
			isa = PBXGroup;
			children = (
				77D3C4AA19A903AA001F00EC /* EuropeanaApp */,
				77D3C4CC19A903AB001F00EC /* EuropeanaAppTests */,
				77D3C4A319A903AA001F00EC /* Frameworks */,
				77D3C4A219A903AA001F00EC /* Products */,
			);
			sourceTree = "<group>";
		};
		77D3C4A219A903AA001F00EC /* Products */ = {
			isa = PBXGroup;
			children = (
				77D3C4A119A903AA001F00EC /* EuropeanaApp.app */,
				77D3C4C519A903AB001F00EC /* EuropeanaAppTests.xctest */,
			);
			name = Products;
			sourceTree = "<group>";
		};
		77D3C4A319A903AA001F00EC /* Frameworks */ = {
			isa = PBXGroup;
			children = (
				77D3C4A419A903AA001F00EC /* Foundation.framework */,
				77D3C4A619A903AA001F00EC /* CoreGraphics.framework */,
				77D3C4A819A903AA001F00EC /* UIKit.framework */,
				77D3C4C619A903AB001F00EC /* XCTest.framework */,
			);
			name = Frameworks;
			sourceTree = "<group>";
		};
		77D3C4AA19A903AA001F00EC /* EuropeanaApp */ = {
			isa = PBXGroup;
			children = (
				E597D9EC19A90EF800E308A9 /* Classes */,
				E597D9F419A90F3700E308A9 /* Resources */,
			);
			path = EuropeanaApp;
			sourceTree = "<group>";
		};
		77D3C4AB19A903AA001F00EC /* Supporting Files */ = {
			isa = PBXGroup;
			children = (
				E597DA0219A9100D00E308A9 /* EuropeanaApp-Info.plist */,
				E597DA0319A9100D00E308A9 /* EuropeanaApp-Prefix.pch */,
				E597DA0419A9100D00E308A9 /* main.m */,
			);
			name = "Supporting Files";
			path = ..;
			sourceTree = "<group>";
		};
		77D3C4CC19A903AB001F00EC /* EuropeanaAppTests */ = {
			isa = PBXGroup;
			children = (
				77D3C4D219A903AB001F00EC /* EuropeanaAppTests.m */,
				77D3C4CD19A903AB001F00EC /* Supporting Files */,
			);
			path = EuropeanaAppTests;
			sourceTree = "<group>";
		};
		77D3C4CD19A903AB001F00EC /* Supporting Files */ = {
			isa = PBXGroup;
			children = (
				77D3C4CE19A903AB001F00EC /* EuropeanaAppTests-Info.plist */,
				77D3C4CF19A903AB001F00EC /* InfoPlist.strings */,
			);
			name = "Supporting Files";
			sourceTree = "<group>";
		};
		E597D9EC19A90EF800E308A9 /* Classes */ = {
			isa = PBXGroup;
			children = (
				E597D9F319A90F1900E308A9 /* Application */,
				E597D9ED19A90EF800E308A9 /* Controllers */,
				E597D9EF19A90EF800E308A9 /* Model */,
				E597D9F019A90EF800E308A9 /* ViewControllers */,
			);
			path = Classes;
			sourceTree = "<group>";
		};
		E597D9ED19A90EF800E308A9 /* Controllers */ = {
			isa = PBXGroup;
			children = (
				E597DA0A19A9104C00E308A9 /* IXManager.h */,
				E597DA0B19A9104C00E308A9 /* IXManager.m */,
				E597D9F719A90FA700E308A9 /* IXLocationManager.h */,
				E597D9F819A90FA700E308A9 /* IXLocationManager.m */,
				E597DA0D19A9105D00E308A9 /* IXAudioManager.h */,
				E597DA0E19A9105D00E308A9 /* IXAudioManager.m */,
			);
			path = Controllers;
			sourceTree = "<group>";
		};
		E597D9EF19A90EF800E308A9 /* Model */ = {
			isa = PBXGroup;
			children = (
			);
			path = Model;
			sourceTree = "<group>";
		};
		E597D9F019A90EF800E308A9 /* ViewControllers */ = {
			isa = PBXGroup;
			children = (
				E597DA0719A9103E00E308A9 /* IXViewController.h */,
				E597DA0819A9103E00E308A9 /* IXViewController.m */,
			);
			path = ViewControllers;
			sourceTree = "<group>";
		};
		E597D9F319A90F1900E308A9 /* Application */ = {
			isa = PBXGroup;
			children = (
				E597DA1019A9106800E308A9 /* IXAppDelegate.h */,
				E597DA1119A9106800E308A9 /* IXAppDelegate.m */,
			);
			path = Application;
			sourceTree = "<group>";
		};
		E597D9F419A90F3700E308A9 /* Resources */ = {
			isa = PBXGroup;
			children = (
				E597D9FC19A90FFE00E308A9 /* Main_iPad.storyboard */,
				E597D9FE19A90FFE00E308A9 /* Main_iPhone.storyboard */,
				E597D9FA19A90FE900E308A9 /* Images.xcassets */,
				77D3C4AB19A903AA001F00EC /* Supporting Files */,
			);
			path = Resources;
			sourceTree = "<group>";
		};
/* End PBXGroup section */

/* Begin PBXNativeTarget section */
		77D3C4A019A903AA001F00EC /* EuropeanaApp */ = {
			isa = PBXNativeTarget;
			buildConfigurationList = 77D3C4D619A903AB001F00EC /* Build configuration list for PBXNativeTarget "EuropeanaApp" */;
			buildPhases = (
				77D3C49D19A903AA001F00EC /* Sources */,
				77D3C49E19A903AA001F00EC /* Frameworks */,
				77D3C49F19A903AA001F00EC /* Resources */,
			);
			buildRules = (
			);
			dependencies = (
			);
			name = EuropeanaApp;
			productName = EuropeanaApp;
			productReference = 77D3C4A119A903AA001F00EC /* EuropeanaApp.app */;
			productType = "com.apple.product-type.application";
		};
		77D3C4C419A903AB001F00EC /* EuropeanaAppTests */ = {
			isa = PBXNativeTarget;
			buildConfigurationList = 77D3C4D919A903AB001F00EC /* Build configuration list for PBXNativeTarget "EuropeanaAppTests" */;
			buildPhases = (
				77D3C4C119A903AB001F00EC /* Sources */,
				77D3C4C219A903AB001F00EC /* Frameworks */,
				77D3C4C319A903AB001F00EC /* Resources */,
			);
			buildRules = (
			);
			dependencies = (
				77D3C4CB19A903AB001F00EC /* PBXTargetDependency */,
			);
			name = EuropeanaAppTests;
			productName = EuropeanaAppTests;
			productReference = 77D3C4C519A903AB001F00EC /* EuropeanaAppTests.xctest */;
			productType = "com.apple.product-type.bundle.unit-test";
		};
/* End PBXNativeTarget section */

/* Begin PBXProject section */
		77D3C49919A903AA001F00EC /* Project object */ = {
			isa = PBXProject;
			attributes = {
				CLASSPREFIX = IX;
				LastUpgradeCheck = 0510;
				ORGANIZATIONNAME = Phluxus;
				TargetAttributes = {
					77D3C4C419A903AB001F00EC = {
						TestTargetID = 77D3C4A019A903AA001F00EC;
					};
				};
			};
			buildConfigurationList = 77D3C49C19A903AA001F00EC /* Build configuration list for PBXProject "EuropeanaApp" */;
			compatibilityVersion = "Xcode 3.2";
			developmentRegion = English;
			hasScannedForEncodings = 0;
			knownRegions = (
				en,
				Base,
			);
			mainGroup = 77D3C49819A903AA001F00EC;
			productRefGroup = 77D3C4A219A903AA001F00EC /* Products */;
			projectDirPath = "";
			projectRoot = "";
			targets = (
				77D3C4A019A903AA001F00EC /* EuropeanaApp */,
				77D3C4C419A903AB001F00EC /* EuropeanaAppTests */,
			);
		};
/* End PBXProject section */

/* Begin PBXResourcesBuildPhase section */
		77D3C49F19A903AA001F00EC /* Resources */ = {
			isa = PBXResourcesBuildPhase;
			buildActionMask = 2147483647;
			files = (
				E597DA0119A90FFE00E308A9 /* Main_iPhone.storyboard in Resources */,
				E597DA0019A90FFE00E308A9 /* Main_iPad.storyboard in Resources */,
				E597D9FB19A90FE900E308A9 /* Images.xcassets in Resources */,
				E597DA0519A9100D00E308A9 /* EuropeanaApp-Info.plist in Resources */,
			);
			runOnlyForDeploymentPostprocessing = 0;
		};
		77D3C4C319A903AB001F00EC /* Resources */ = {
			isa = PBXResourcesBuildPhase;
			buildActionMask = 2147483647;
			files = (
				77D3C4D119A903AB001F00EC /* InfoPlist.strings in Resources */,
			);
			runOnlyForDeploymentPostprocessing = 0;
		};
/* End PBXResourcesBuildPhase section */

/* Begin PBXSourcesBuildPhase section */
		77D3C49D19A903AA001F00EC /* Sources */ = {
			isa = PBXSourcesBuildPhase;
			buildActionMask = 2147483647;
			files = (
				E597D9F919A90FA700E308A9 /* IXLocationManager.m in Sources */,
				E597DA0C19A9104C00E308A9 /* IXManager.m in Sources */,
				E597DA0F19A9105D00E308A9 /* IXAudioManager.m in Sources */,
				E597DA0619A9100D00E308A9 /* main.m in Sources */,
				E597DA0919A9103E00E308A9 /* IXViewController.m in Sources */,
				E597DA1219A9106800E308A9 /* IXAppDelegate.m in Sources */,
			);
			runOnlyForDeploymentPostprocessing = 0;
		};
		77D3C4C119A903AB001F00EC /* Sources */ = {
			isa = PBXSourcesBuildPhase;
			buildActionMask = 2147483647;
			files = (
				77D3C4D319A903AB001F00EC /* EuropeanaAppTests.m in Sources */,
			);
			runOnlyForDeploymentPostprocessing = 0;
		};
/* End PBXSourcesBuildPhase section */

/* Begin PBXTargetDependency section */
		77D3C4CB19A903AB001F00EC /* PBXTargetDependency */ = {
			isa = PBXTargetDependency;
			target = 77D3C4A019A903AA001F00EC /* EuropeanaApp */;
			targetProxy = 77D3C4CA19A903AB001F00EC /* PBXContainerItemProxy */;
		};
/* End PBXTargetDependency section */

/* Begin PBXVariantGroup section */
		77D3C4CF19A903AB001F00EC /* InfoPlist.strings */ = {
			isa = PBXVariantGroup;
			children = (
				77D3C4D019A903AB001F00EC /* en */,
			);
			name = InfoPlist.strings;
			sourceTree = "<group>";
		};
		E597D9FC19A90FFE00E308A9 /* Main_iPad.storyboard */ = {
			isa = PBXVariantGroup;
			children = (
				E597D9FD19A90FFE00E308A9 /* Base */,
			);
			name = Main_iPad.storyboard;
			sourceTree = "<group>";
		};
		E597D9FE19A90FFE00E308A9 /* Main_iPhone.storyboard */ = {
			isa = PBXVariantGroup;
			children = (
				E597D9FF19A90FFE00E308A9 /* Base */,
			);
			name = Main_iPhone.storyboard;
			sourceTree = "<group>";
		};
/* End PBXVariantGroup section */

/* Begin XCBuildConfiguration section */
		77D3C4D419A903AB001F00EC /* Debug */ = {
			isa = XCBuildConfiguration;
			buildSettings = {
				ALWAYS_SEARCH_USER_PATHS = NO;
				CLANG_CXX_LANGUAGE_STANDARD = "gnu++0x";
				CLANG_CXX_LIBRARY = "libc++";
				CLANG_ENABLE_MODULES = YES;
				CLANG_ENABLE_OBJC_ARC = YES;
				CLANG_WARN_BOOL_CONVERSION = YES;
				CLANG_WARN_CONSTANT_CONVERSION = YES;
				CLANG_WARN_DIRECT_OBJC_ISA_USAGE = YES_ERROR;
				CLANG_WARN_EMPTY_BODY = YES;
				CLANG_WARN_ENUM_CONVERSION = YES;
				CLANG_WARN_INT_CONVERSION = YES;
				CLANG_WARN_OBJC_ROOT_CLASS = YES_ERROR;
				CLANG_WARN__DUPLICATE_METHOD_MATCH = YES;
				"CODE_SIGN_IDENTITY[sdk=iphoneos*]" = "iPhone Developer";
				COPY_PHASE_STRIP = NO;
				GCC_C_LANGUAGE_STANDARD = gnu99;
				GCC_DYNAMIC_NO_PIC = NO;
				GCC_OPTIMIZATION_LEVEL = 0;
				GCC_PREPROCESSOR_DEFINITIONS = (
					"DEBUG=1",
					"$(inherited)",
				);
				GCC_SYMBOLS_PRIVATE_EXTERN = NO;
				GCC_WARN_64_TO_32_BIT_CONVERSION = YES;
				GCC_WARN_ABOUT_RETURN_TYPE = YES_ERROR;
				GCC_WARN_UNDECLARED_SELECTOR = YES;
				GCC_WARN_UNINITIALIZED_AUTOS = YES_AGGRESSIVE;
				GCC_WARN_UNUSED_FUNCTION = YES;
				GCC_WARN_UNUSED_VARIABLE = YES;
				IPHONEOS_DEPLOYMENT_TARGET = 7.1;
				ONLY_ACTIVE_ARCH = YES;
				SDKROOT = iphoneos;
				TARGETED_DEVICE_FAMILY = "1,2";
			};
			name = Debug;
		};
		77D3C4D519A903AB001F00EC /* Release */ = {
			isa = XCBuildConfiguration;
			buildSettings = {
				ALWAYS_SEARCH_USER_PATHS = NO;
				CLANG_CXX_LANGUAGE_STANDARD = "gnu++0x";
				CLANG_CXX_LIBRARY = "libc++";
				CLANG_ENABLE_MODULES = YES;
				CLANG_ENABLE_OBJC_ARC = YES;
				CLANG_WARN_BOOL_CONVERSION = YES;
				CLANG_WARN_CONSTANT_CONVERSION = YES;
				CLANG_WARN_DIRECT_OBJC_ISA_USAGE = YES_ERROR;
				CLANG_WARN_EMPTY_BODY = YES;
				CLANG_WARN_ENUM_CONVERSION = YES;
				CLANG_WARN_INT_CONVERSION = YES;
				CLANG_WARN_OBJC_ROOT_CLASS = YES_ERROR;
				CLANG_WARN__DUPLICATE_METHOD_MATCH = YES;
				"CODE_SIGN_IDENTITY[sdk=iphoneos*]" = "iPhone Developer";
				COPY_PHASE_STRIP = YES;
				ENABLE_NS_ASSERTIONS = NO;
				GCC_C_LANGUAGE_STANDARD = gnu99;
				GCC_WARN_64_TO_32_BIT_CONVERSION = YES;
				GCC_WARN_ABOUT_RETURN_TYPE = YES_ERROR;
				GCC_WARN_UNDECLARED_SELECTOR = YES;
				GCC_WARN_UNINITIALIZED_AUTOS = YES_AGGRESSIVE;
				GCC_WARN_UNUSED_FUNCTION = YES;
				GCC_WARN_UNUSED_VARIABLE = YES;
				IPHONEOS_DEPLOYMENT_TARGET = 7.1;
				SDKROOT = iphoneos;
				TARGETED_DEVICE_FAMILY = "1,2";
				VALIDATE_PRODUCT = YES;
			};
			name = Release;
		};
		77D3C4D719A903AB001F00EC /* Debug */ = {
			isa = XCBuildConfiguration;
			buildSettings = {
				ASSETCATALOG_COMPILER_APPICON_NAME = AppIcon;
				ASSETCATALOG_COMPILER_LAUNCHIMAGE_NAME = LaunchImage;
				GCC_PRECOMPILE_PREFIX_HEADER = YES;
				GCC_PREFIX_HEADER = "EuropeanaApp/EuropeanaApp-Prefix.pch";
				INFOPLIST_FILE = "EuropeanaApp/EuropeanaApp-Info.plist";
				PRODUCT_NAME = "$(TARGET_NAME)";
				WRAPPER_EXTENSION = app;
			};
			name = Debug;
		};
		77D3C4D819A903AB001F00EC /* Release */ = {
			isa = XCBuildConfiguration;
			buildSettings = {
				ASSETCATALOG_COMPILER_APPICON_NAME = AppIcon;
				ASSETCATALOG_COMPILER_LAUNCHIMAGE_NAME = LaunchImage;
				GCC_PRECOMPILE_PREFIX_HEADER = YES;
				GCC_PREFIX_HEADER = "EuropeanaApp/EuropeanaApp-Prefix.pch";
				INFOPLIST_FILE = "EuropeanaApp/EuropeanaApp-Info.plist";
				PRODUCT_NAME = "$(TARGET_NAME)";
				WRAPPER_EXTENSION = app;
			};
			name = Release;
		};
		77D3C4DA19A903AB001F00EC /* Debug */ = {
			isa = XCBuildConfiguration;
			buildSettings = {
				BUNDLE_LOADER = "$(BUILT_PRODUCTS_DIR)/EuropeanaApp.app/EuropeanaApp";
				FRAMEWORK_SEARCH_PATHS = (
					"$(SDKROOT)/Developer/Library/Frameworks",
					"$(inherited)",
					"$(DEVELOPER_FRAMEWORKS_DIR)",
				);
				GCC_PRECOMPILE_PREFIX_HEADER = YES;
				GCC_PREFIX_HEADER = "EuropeanaApp/EuropeanaApp-Prefix.pch";
				GCC_PREPROCESSOR_DEFINITIONS = (
					"DEBUG=1",
					"$(inherited)",
				);
				INFOPLIST_FILE = "EuropeanaAppTests/EuropeanaAppTests-Info.plist";
				PRODUCT_NAME = "$(TARGET_NAME)";
				TEST_HOST = "$(BUNDLE_LOADER)";
				WRAPPER_EXTENSION = xctest;
			};
			name = Debug;
		};
		77D3C4DB19A903AB001F00EC /* Release */ = {
			isa = XCBuildConfiguration;
			buildSettings = {
				BUNDLE_LOADER = "$(BUILT_PRODUCTS_DIR)/EuropeanaApp.app/EuropeanaApp";
				FRAMEWORK_SEARCH_PATHS = (
					"$(SDKROOT)/Developer/Library/Frameworks",
					"$(inherited)",
					"$(DEVELOPER_FRAMEWORKS_DIR)",
				);
				GCC_PRECOMPILE_PREFIX_HEADER = YES;
				GCC_PREFIX_HEADER = "EuropeanaApp/EuropeanaApp-Prefix.pch";
				INFOPLIST_FILE = "EuropeanaAppTests/EuropeanaAppTests-Info.plist";
				PRODUCT_NAME = "$(TARGET_NAME)";
				TEST_HOST = "$(BUNDLE_LOADER)";
				WRAPPER_EXTENSION = xctest;
			};
			name = Release;
		};
/* End XCBuildConfiguration section */

/* Begin XCConfigurationList section */
		77D3C49C19A903AA001F00EC /* Build configuration list for PBXProject "EuropeanaApp" */ = {
			isa = XCConfigurationList;
			buildConfigurations = (
				77D3C4D419A903AB001F00EC /* Debug */,
				77D3C4D519A903AB001F00EC /* Release */,
			);
			defaultConfigurationIsVisible = 0;
			defaultConfigurationName = Release;
		};
		77D3C4D619A903AB001F00EC /* Build configuration list for PBXNativeTarget "EuropeanaApp" */ = {
			isa = XCConfigurationList;
			buildConfigurations = (
				77D3C4D719A903AB001F00EC /* Debug */,
				77D3C4D819A903AB001F00EC /* Release */,
			);
			defaultConfigurationIsVisible = 0;
			defaultConfigurationName = Release;
		};
		77D3C4D919A903AB001F00EC /* Build configuration list for PBXNativeTarget "EuropeanaAppTests" */ = {
			isa = XCConfigurationList;
			buildConfigurations = (
				77D3C4DA19A903AB001F00EC /* Debug */,
				77D3C4DB19A903AB001F00EC /* Release */,
			);
			defaultConfigurationIsVisible = 0;
			defaultConfigurationName = Release;
		};
/* End XCConfigurationList section */
	};
	rootObject = 77D3C49919A903AA001F00EC /* Project object */;
}
