// !$*UTF8*$!
{
	archiveVersion = 1;
	classes = {
	};
	objectVersion = 46;
	objects = {

/* Begin PBXBuildFile section */
		4456DD9A19A935A500B5B707 /* background-music-aac.caf in Resources */ = {isa = PBXBuildFile; fileRef = 4456DD9819A935A500B5B707 /* background-music-aac.caf */; };
		4456DD9B19A935A500B5B707 /* pew-pew-lei.caf in Resources */ = {isa = PBXBuildFile; fileRef = 4456DD9919A935A500B5B707 /* pew-pew-lei.caf */; };
		7701272B19A9F0DB003AC3E5 /* filmmuseum.caf in Resources */ = {isa = PBXBuildFile; fileRef = 7701272A19A9F0DB003AC3E5 /* filmmuseum.caf */; };
		7706F1FC1BFE1C42005B5048 /* IXPositioningManager.swift in Sources */ = {isa = PBXBuildFile; fileRef = 7706F1FB1BFE1C42005B5048 /* IXPositioningManager.swift */; };
		7706F1FE1BFF4895005B5048 /* SuggestionViewCell.swift in Sources */ = {isa = PBXBuildFile; fileRef = 7706F1FD1BFF4895005B5048 /* SuggestionViewCell.swift */; };
		771550281C0620D10053E607 /* CBBeaconsMap.m in Sources */ = {isa = PBXBuildFile; fileRef = 771550271C0620D10053E607 /* CBBeaconsMap.m */; };
		7742E14B1C03642300BC26FF /* UIColor+Extension.swift in Sources */ = {isa = PBXBuildFile; fileRef = 7742E14A1C03642300BC26FF /* UIColor+Extension.swift */; };
		7742E14E1C037EA300BC26FF /* Launch Screen.storyboard in Resources */ = {isa = PBXBuildFile; fileRef = 7742E14C1C037EA300BC26FF /* Launch Screen.storyboard */; };
		7742E1501C037FB400BC26FF /* PhoneLogoClean.png in Resources */ = {isa = PBXBuildFile; fileRef = 7742E14F1C037FB400BC26FF /* PhoneLogoClean.png */; };
		77906E311BEDFFD000114B0D /* IXHistoryTableVC.swift in Sources */ = {isa = PBXBuildFile; fileRef = 77906E301BEDFFD000114B0D /* IXHistoryTableVC.swift */; };
		77906E331BEE000D00114B0D /* IXDownloadGuidesVC.swift in Sources */ = {isa = PBXBuildFile; fileRef = 77906E321BEE000D00114B0D /* IXDownloadGuidesVC.swift */; };
		77906E351BEE005200114B0D /* IXActiveGuideVC.swift in Sources */ = {isa = PBXBuildFile; fileRef = 77906E341BEE005200114B0D /* IXActiveGuideVC.swift */; };
		77906E371BEE019500114B0D /* IXSuggestionVC.swift in Sources */ = {isa = PBXBuildFile; fileRef = 77906E361BEE019500114B0D /* IXSuggestionVC.swift */; };
		77906E391BEE01C700114B0D /* IXSuggestionDetailVC.swift in Sources */ = {isa = PBXBuildFile; fileRef = 77906E381BEE01C700114B0D /* IXSuggestionDetailVC.swift */; };
		77906E3B1BEE01F500114B0D /* IXFirstTimeHelpVC.swift in Sources */ = {isa = PBXBuildFile; fileRef = 77906E3A1BEE01F500114B0D /* IXFirstTimeHelpVC.swift */; };
		77906E3D1BEE020D00114B0D /* IXNoBeaconVC.swift in Sources */ = {isa = PBXBuildFile; fileRef = 77906E3C1BEE020D00114B0D /* IXNoBeaconVC.swift */; };
		77906E3F1BEE1E1500114B0D /* PhoneSuggestClean.png in Resources */ = {isa = PBXBuildFile; fileRef = 77906E3E1BEE1E1500114B0D /* PhoneSuggestClean.png */; };
		77906E411BEE1E1C00114B0D /* PhoneActiveClean.png in Resources */ = {isa = PBXBuildFile; fileRef = 77906E401BEE1E1C00114B0D /* PhoneActiveClean.png */; };
		77906E431BEE331B00114B0D /* PhoneSuggestDetail.png in Resources */ = {isa = PBXBuildFile; fileRef = 77906E421BEE331B00114B0D /* PhoneSuggestDetail.png */; };
		77C9F0DC1C034F13006E6017 /* kawsrijks.png in Resources */ = {isa = PBXBuildFile; fileRef = 77C9F0DB1C034F13006E6017 /* kawsrijks.png */; };
		77D3C4A519A903AA001F00EC /* Foundation.framework in Frameworks */ = {isa = PBXBuildFile; fileRef = 77D3C4A419A903AA001F00EC /* Foundation.framework */; };
		77D3C4A719A903AA001F00EC /* CoreGraphics.framework in Frameworks */ = {isa = PBXBuildFile; fileRef = 77D3C4A619A903AA001F00EC /* CoreGraphics.framework */; };
		77D3C4A919A903AA001F00EC /* UIKit.framework in Frameworks */ = {isa = PBXBuildFile; fileRef = 77D3C4A819A903AA001F00EC /* UIKit.framework */; };
		77D3C4C719A903AB001F00EC /* XCTest.framework in Frameworks */ = {isa = PBXBuildFile; fileRef = 77D3C4C619A903AB001F00EC /* XCTest.framework */; };
		77D3C4C819A903AB001F00EC /* Foundation.framework in Frameworks */ = {isa = PBXBuildFile; fileRef = 77D3C4A419A903AA001F00EC /* Foundation.framework */; };
		77D3C4C919A903AB001F00EC /* UIKit.framework in Frameworks */ = {isa = PBXBuildFile; fileRef = 77D3C4A819A903AA001F00EC /* UIKit.framework */; };
		77D3C4D119A903AB001F00EC /* InfoPlist.strings in Resources */ = {isa = PBXBuildFile; fileRef = 77D3C4CF19A903AB001F00EC /* InfoPlist.strings */; };
		77D3C4D319A903AB001F00EC /* ArtWhisperBeaconTests.m in Sources */ = {isa = PBXBuildFile; fileRef = 77D3C4D219A903AB001F00EC /* ArtWhisperBeaconTests.m */; };
		77E3D7C319A910FA0058C62B /* Europeana logo.jpg in Resources */ = {isa = PBXBuildFile; fileRef = 77E3D7C119A910FA0058C62B /* Europeana logo.jpg */; };
		77E3D7C419A910FA0058C62B /* glimworm-ibeacons.png in Resources */ = {isa = PBXBuildFile; fileRef = 77E3D7C219A910FA0058C62B /* glimworm-ibeacons.png */; };
		77E3D7C719A916590058C62B /* IXBeacon.m in Sources */ = {isa = PBXBuildFile; fileRef = 77E3D7C619A916590058C62B /* IXBeacon.m */; };
		77E3D7C919A91A9B0058C62B /* CoreLocation.framework in Frameworks */ = {isa = PBXBuildFile; fileRef = 77E3D7C819A91A9B0058C62B /* CoreLocation.framework */; };
		9B15221D1BE14D4700B3A52B /* IXData.m in Sources */ = {isa = PBXBuildFile; fileRef = 9B15221C1BE14D4700B3A52B /* IXData.m */; };
		9B15221E1BE14D4700B3A52B /* IXData.m in Sources */ = {isa = PBXBuildFile; fileRef = 9B15221C1BE14D4700B3A52B /* IXData.m */; };
		9B1522201BE14EA700B3A52B /* beacons.json in Resources */ = {isa = PBXBuildFile; fileRef = 9B15221F1BE14EA700B3A52B /* beacons.json */; };
		9B1522211BE14EA700B3A52B /* beacons.json in Resources */ = {isa = PBXBuildFile; fileRef = 9B15221F1BE14EA700B3A52B /* beacons.json */; };
		9BC4050419AA2CBE00EEA392 /* filmmuseum human.caf in Resources */ = {isa = PBXBuildFile; fileRef = 9BC4050319AA2CBE00EEA392 /* filmmuseum human.caf */; };
		9BDC46651BE4C17F00162557 /* IXPoi.m in Sources */ = {isa = PBXBuildFile; fileRef = 9BDC46641BE4C17F00162557 /* IXPoi.m */; };
		9BDC46661BE4C17F00162557 /* IXPoi.m in Sources */ = {isa = PBXBuildFile; fileRef = 9BDC46641BE4C17F00162557 /* IXPoi.m */; };
		9BDC46681BE5152000162557 /* poi.json in Resources */ = {isa = PBXBuildFile; fileRef = 9BDC46671BE5152000162557 /* poi.json */; };
		9BDC466B1BE646C000162557 /* IXPoiQueue.m in Sources */ = {isa = PBXBuildFile; fileRef = 9BDC466A1BE646C000162557 /* IXPoiQueue.m */; };
		9BDC466C1BE646C000162557 /* IXPoiQueue.m in Sources */ = {isa = PBXBuildFile; fileRef = 9BDC466A1BE646C000162557 /* IXPoiQueue.m */; };
		9BDC466F1BE64C6900162557 /* IXPendingOperations.m in Sources */ = {isa = PBXBuildFile; fileRef = 9BDC466E1BE64C6900162557 /* IXPendingOperations.m */; };
		9BDC46701BE64C6900162557 /* IXPendingOperations.m in Sources */ = {isa = PBXBuildFile; fileRef = 9BDC466E1BE64C6900162557 /* IXPendingOperations.m */; };
		9BDC46741BE75BFC00162557 /* IXEnteringBeaconRegion.m in Sources */ = {isa = PBXBuildFile; fileRef = 9BDC46731BE75BFC00162557 /* IXEnteringBeaconRegion.m */; };
		9BDC46751BE75BFC00162557 /* IXEnteringBeaconRegion.m in Sources */ = {isa = PBXBuildFile; fileRef = 9BDC46731BE75BFC00162557 /* IXEnteringBeaconRegion.m */; };
		9BDC49531BE8F95B00162557 /* BlockObserver.swift in Sources */ = {isa = PBXBuildFile; fileRef = 9BDC49341BE8F95B00162557 /* BlockObserver.swift */; };
		9BDC49541BE8F95B00162557 /* BlockObserver.swift in Sources */ = {isa = PBXBuildFile; fileRef = 9BDC49341BE8F95B00162557 /* BlockObserver.swift */; };
		9BDC49551BE8F95B00162557 /* BlockOperation.swift in Sources */ = {isa = PBXBuildFile; fileRef = 9BDC49351BE8F95B00162557 /* BlockOperation.swift */; };
		9BDC49561BE8F95B00162557 /* BlockOperation.swift in Sources */ = {isa = PBXBuildFile; fileRef = 9BDC49351BE8F95B00162557 /* BlockOperation.swift */; };
		9BDC49571BE8F95B00162557 /* CalendarCondition.swift in Sources */ = {isa = PBXBuildFile; fileRef = 9BDC49361BE8F95B00162557 /* CalendarCondition.swift */; };
		9BDC49581BE8F95B00162557 /* CalendarCondition.swift in Sources */ = {isa = PBXBuildFile; fileRef = 9BDC49361BE8F95B00162557 /* CalendarCondition.swift */; };
		9BDC49591BE8F95B00162557 /* CKContainer+Operations.swift in Sources */ = {isa = PBXBuildFile; fileRef = 9BDC49371BE8F95B00162557 /* CKContainer+Operations.swift */; };
		9BDC495A1BE8F95B00162557 /* CKContainer+Operations.swift in Sources */ = {isa = PBXBuildFile; fileRef = 9BDC49371BE8F95B00162557 /* CKContainer+Operations.swift */; };
		9BDC495B1BE8F95B00162557 /* CloudCondition.swift in Sources */ = {isa = PBXBuildFile; fileRef = 9BDC49381BE8F95B00162557 /* CloudCondition.swift */; };
		9BDC495C1BE8F95B00162557 /* CloudCondition.swift in Sources */ = {isa = PBXBuildFile; fileRef = 9BDC49381BE8F95B00162557 /* CloudCondition.swift */; };
		9BDC495D1BE8F95B00162557 /* DelayOperation.swift in Sources */ = {isa = PBXBuildFile; fileRef = 9BDC49391BE8F95B00162557 /* DelayOperation.swift */; };
		9BDC495E1BE8F95B00162557 /* DelayOperation.swift in Sources */ = {isa = PBXBuildFile; fileRef = 9BDC49391BE8F95B00162557 /* DelayOperation.swift */; };
		9BDC495F1BE8F95B00162557 /* Dictionary+Operations.swift in Sources */ = {isa = PBXBuildFile; fileRef = 9BDC493A1BE8F95B00162557 /* Dictionary+Operations.swift */; };
		9BDC49601BE8F95B00162557 /* Dictionary+Operations.swift in Sources */ = {isa = PBXBuildFile; fileRef = 9BDC493A1BE8F95B00162557 /* Dictionary+Operations.swift */; };
		9BDC49611BE8F95B00162557 /* ExclusivityController.swift in Sources */ = {isa = PBXBuildFile; fileRef = 9BDC493B1BE8F95B00162557 /* ExclusivityController.swift */; };
		9BDC49621BE8F95B00162557 /* ExclusivityController.swift in Sources */ = {isa = PBXBuildFile; fileRef = 9BDC493B1BE8F95B00162557 /* ExclusivityController.swift */; };
		9BDC49631BE8F95B00162557 /* GroupOperation.swift in Sources */ = {isa = PBXBuildFile; fileRef = 9BDC493C1BE8F95B00162557 /* GroupOperation.swift */; };
		9BDC49641BE8F95B00162557 /* GroupOperation.swift in Sources */ = {isa = PBXBuildFile; fileRef = 9BDC493C1BE8F95B00162557 /* GroupOperation.swift */; };
		9BDC49651BE8F95B00162557 /* HealthCondition.swift in Sources */ = {isa = PBXBuildFile; fileRef = 9BDC493D1BE8F95B00162557 /* HealthCondition.swift */; };
		9BDC49661BE8F95B00162557 /* HealthCondition.swift in Sources */ = {isa = PBXBuildFile; fileRef = 9BDC493D1BE8F95B00162557 /* HealthCondition.swift */; };
		9BDC49671BE8F95B00162557 /* LocationCondition.swift in Sources */ = {isa = PBXBuildFile; fileRef = 9BDC493E1BE8F95B00162557 /* LocationCondition.swift */; };
		9BDC49681BE8F95B00162557 /* LocationCondition.swift in Sources */ = {isa = PBXBuildFile; fileRef = 9BDC493E1BE8F95B00162557 /* LocationCondition.swift */; };
		9BDC49691BE8F95B00162557 /* LocationOperation.swift in Sources */ = {isa = PBXBuildFile; fileRef = 9BDC493F1BE8F95B00162557 /* LocationOperation.swift */; };
		9BDC496A1BE8F95B00162557 /* LocationOperation.swift in Sources */ = {isa = PBXBuildFile; fileRef = 9BDC493F1BE8F95B00162557 /* LocationOperation.swift */; };
		9BDC496B1BE8F95B00162557 /* MutuallyExclusive.swift in Sources */ = {isa = PBXBuildFile; fileRef = 9BDC49401BE8F95B00162557 /* MutuallyExclusive.swift */; };
		9BDC496C1BE8F95B00162557 /* MutuallyExclusive.swift in Sources */ = {isa = PBXBuildFile; fileRef = 9BDC49401BE8F95B00162557 /* MutuallyExclusive.swift */; };
		9BDC496D1BE8F95B00162557 /* NegatedCondition.swift in Sources */ = {isa = PBXBuildFile; fileRef = 9BDC49411BE8F95B00162557 /* NegatedCondition.swift */; };
		9BDC496E1BE8F95B00162557 /* NegatedCondition.swift in Sources */ = {isa = PBXBuildFile; fileRef = 9BDC49411BE8F95B00162557 /* NegatedCondition.swift */; };
		9BDC496F1BE8F95B00162557 /* NoCancelledDependencies.swift in Sources */ = {isa = PBXBuildFile; fileRef = 9BDC49421BE8F95B00162557 /* NoCancelledDependencies.swift */; };
		9BDC49701BE8F95B00162557 /* NoCancelledDependencies.swift in Sources */ = {isa = PBXBuildFile; fileRef = 9BDC49421BE8F95B00162557 /* NoCancelledDependencies.swift */; };
		9BDC49711BE8F95B00162557 /* NSLock+Operations.swift in Sources */ = {isa = PBXBuildFile; fileRef = 9BDC49431BE8F95B00162557 /* NSLock+Operations.swift */; };
		9BDC49721BE8F95B00162557 /* NSLock+Operations.swift in Sources */ = {isa = PBXBuildFile; fileRef = 9BDC49431BE8F95B00162557 /* NSLock+Operations.swift */; };
		9BDC49731BE8F95B00162557 /* NSOperation+Operations.swift in Sources */ = {isa = PBXBuildFile; fileRef = 9BDC49441BE8F95B00162557 /* NSOperation+Operations.swift */; };
		9BDC49741BE8F95B00162557 /* NSOperation+Operations.swift in Sources */ = {isa = PBXBuildFile; fileRef = 9BDC49441BE8F95B00162557 /* NSOperation+Operations.swift */; };
		9BDC49751BE8F95B00162557 /* Operation.swift in Sources */ = {isa = PBXBuildFile; fileRef = 9BDC49451BE8F95B00162557 /* Operation.swift */; };
		9BDC49761BE8F95B00162557 /* Operation.swift in Sources */ = {isa = PBXBuildFile; fileRef = 9BDC49451BE8F95B00162557 /* Operation.swift */; };
		9BDC49771BE8F95B00162557 /* OperationCondition.swift in Sources */ = {isa = PBXBuildFile; fileRef = 9BDC49461BE8F95B00162557 /* OperationCondition.swift */; };
		9BDC49781BE8F95B00162557 /* OperationCondition.swift in Sources */ = {isa = PBXBuildFile; fileRef = 9BDC49461BE8F95B00162557 /* OperationCondition.swift */; };
		9BDC49791BE8F95B00162557 /* OperationErrors.swift in Sources */ = {isa = PBXBuildFile; fileRef = 9BDC49471BE8F95B00162557 /* OperationErrors.swift */; };
		9BDC497A1BE8F95B00162557 /* OperationErrors.swift in Sources */ = {isa = PBXBuildFile; fileRef = 9BDC49471BE8F95B00162557 /* OperationErrors.swift */; };
		9BDC497B1BE8F95B00162557 /* OperationObserver.swift in Sources */ = {isa = PBXBuildFile; fileRef = 9BDC49481BE8F95B00162557 /* OperationObserver.swift */; };
		9BDC497C1BE8F95B00162557 /* OperationObserver.swift in Sources */ = {isa = PBXBuildFile; fileRef = 9BDC49481BE8F95B00162557 /* OperationObserver.swift */; };
		9BDC497D1BE8F95B00162557 /* OperationQueue.swift in Sources */ = {isa = PBXBuildFile; fileRef = 9BDC49491BE8F95B00162557 /* OperationQueue.swift */; };
		9BDC497E1BE8F95B00162557 /* OperationQueue.swift in Sources */ = {isa = PBXBuildFile; fileRef = 9BDC49491BE8F95B00162557 /* OperationQueue.swift */; };
		9BDC497F1BE8F95B00162557 /* PassbookCondition.swift in Sources */ = {isa = PBXBuildFile; fileRef = 9BDC494A1BE8F95B00162557 /* PassbookCondition.swift */; };
		9BDC49801BE8F95B00162557 /* PassbookCondition.swift in Sources */ = {isa = PBXBuildFile; fileRef = 9BDC494A1BE8F95B00162557 /* PassbookCondition.swift */; };
		9BDC49811BE8F95B00162557 /* PhotosCondition.swift in Sources */ = {isa = PBXBuildFile; fileRef = 9BDC494B1BE8F95B00162557 /* PhotosCondition.swift */; };
		9BDC49821BE8F95B00162557 /* PhotosCondition.swift in Sources */ = {isa = PBXBuildFile; fileRef = 9BDC494B1BE8F95B00162557 /* PhotosCondition.swift */; };
		9BDC49831BE8F95B00162557 /* ReachabilityCondition.swift in Sources */ = {isa = PBXBuildFile; fileRef = 9BDC494C1BE8F95B00162557 /* ReachabilityCondition.swift */; };
		9BDC49841BE8F95B00162557 /* ReachabilityCondition.swift in Sources */ = {isa = PBXBuildFile; fileRef = 9BDC494C1BE8F95B00162557 /* ReachabilityCondition.swift */; };
		9BDC49851BE8F95B00162557 /* RemoteNotificationCondition.swift in Sources */ = {isa = PBXBuildFile; fileRef = 9BDC494D1BE8F95B00162557 /* RemoteNotificationCondition.swift */; };
		9BDC49861BE8F95B00162557 /* RemoteNotificationCondition.swift in Sources */ = {isa = PBXBuildFile; fileRef = 9BDC494D1BE8F95B00162557 /* RemoteNotificationCondition.swift */; };
		9BDC49871BE8F95B00162557 /* SilentCondition.swift in Sources */ = {isa = PBXBuildFile; fileRef = 9BDC494E1BE8F95B00162557 /* SilentCondition.swift */; };
		9BDC49881BE8F95B00162557 /* SilentCondition.swift in Sources */ = {isa = PBXBuildFile; fileRef = 9BDC494E1BE8F95B00162557 /* SilentCondition.swift */; };
		9BDC49891BE8F95B00162557 /* TimeoutObserver.swift in Sources */ = {isa = PBXBuildFile; fileRef = 9BDC494F1BE8F95B00162557 /* TimeoutObserver.swift */; };
		9BDC498A1BE8F95B00162557 /* TimeoutObserver.swift in Sources */ = {isa = PBXBuildFile; fileRef = 9BDC494F1BE8F95B00162557 /* TimeoutObserver.swift */; };
		9BDC498B1BE8F95B00162557 /* UIUserNotifications+Operations.swift in Sources */ = {isa = PBXBuildFile; fileRef = 9BDC49501BE8F95B00162557 /* UIUserNotifications+Operations.swift */; };
		9BDC498C1BE8F95B00162557 /* UIUserNotifications+Operations.swift in Sources */ = {isa = PBXBuildFile; fileRef = 9BDC49501BE8F95B00162557 /* UIUserNotifications+Operations.swift */; };
		9BDC498D1BE8F95B00162557 /* URLSessionTaskOperation.swift in Sources */ = {isa = PBXBuildFile; fileRef = 9BDC49511BE8F95B00162557 /* URLSessionTaskOperation.swift */; };
		9BDC498E1BE8F95B00162557 /* URLSessionTaskOperation.swift in Sources */ = {isa = PBXBuildFile; fileRef = 9BDC49511BE8F95B00162557 /* URLSessionTaskOperation.swift */; };
		9BDC498F1BE8F95B00162557 /* UserNotificationCondition.swift in Sources */ = {isa = PBXBuildFile; fileRef = 9BDC49521BE8F95B00162557 /* UserNotificationCondition.swift */; };
		9BDC49901BE8F95B00162557 /* UserNotificationCondition.swift in Sources */ = {isa = PBXBuildFile; fileRef = 9BDC49521BE8F95B00162557 /* UserNotificationCondition.swift */; };
		9BDC49971BE8FCDF00162557 /* EnterBeaconRangeOperation.swift in Sources */ = {isa = PBXBuildFile; fileRef = 9BDC49961BE8FCDF00162557 /* EnterBeaconRangeOperation.swift */; };
		9BDC49981BE8FCDF00162557 /* EnterBeaconRangeOperation.swift in Sources */ = {isa = PBXBuildFile; fileRef = 9BDC49961BE8FCDF00162557 /* EnterBeaconRangeOperation.swift */; };
		9BDC499F1BEA495800162557 /* BeaconMonitorOperation.swift in Sources */ = {isa = PBXBuildFile; fileRef = 9BDC499E1BEA495800162557 /* BeaconMonitorOperation.swift */; };
		9BDC49A01BEA495800162557 /* BeaconMonitorOperation.swift in Sources */ = {isa = PBXBuildFile; fileRef = 9BDC499E1BEA495800162557 /* BeaconMonitorOperation.swift */; };
		9BDC49A21BEAA6AE00162557 /* BeaconRangeOperation.swift in Sources */ = {isa = PBXBuildFile; fileRef = 9BDC49A11BEAA6AE00162557 /* BeaconRangeOperation.swift */; };
		9BDC49A31BEAA6AE00162557 /* BeaconRangeOperation.swift in Sources */ = {isa = PBXBuildFile; fileRef = 9BDC49A11BEAA6AE00162557 /* BeaconRangeOperation.swift */; };
		9BDC49AA1BEAC28700162557 /* IXBeacon.m in Sources */ = {isa = PBXBuildFile; fileRef = 77E3D7C619A916590058C62B /* IXBeacon.m */; };
		9BDC49AB1BEAC28B00162557 /* IXAudioManager.m in Sources */ = {isa = PBXBuildFile; fileRef = E597DA0E19A9105D00E308A9 /* IXAudioManager.m */; };
		9BDC49AC1BEAC29100162557 /* IXManager.m in Sources */ = {isa = PBXBuildFile; fileRef = E597DA0B19A9104C00E308A9 /* IXManager.m */; };
		9BDC49B61BEB441F00162557 /* ArtWhisperTests.swift in Sources */ = {isa = PBXBuildFile; fileRef = 9BDC49B51BEB441F00162557 /* ArtWhisperTests.swift */; };
		9BDC49BE1BEB449200162557 /* BeaconMonitorOperationTest.swift in Sources */ = {isa = PBXBuildFile; fileRef = 9BDC49BD1BEB449200162557 /* BeaconMonitorOperationTest.swift */; };
		E151FFA2A279885AA44A64DA /* Pods.framework in Frameworks */ = {isa = PBXBuildFile; fileRef = 321679898299C85865CF0E83 /* Pods.framework */; };
		E597D9F919A90FA700E308A9 /* IXLocationManager.m in Sources */ = {isa = PBXBuildFile; fileRef = E597D9F819A90FA700E308A9 /* IXLocationManager.m */; };
		E597D9FB19A90FE900E308A9 /* Images.xcassets in Resources */ = {isa = PBXBuildFile; fileRef = E597D9FA19A90FE900E308A9 /* Images.xcassets */; };
		E597DA0019A90FFE00E308A9 /* Main_iPad.storyboard in Resources */ = {isa = PBXBuildFile; fileRef = E597D9FC19A90FFE00E308A9 /* Main_iPad.storyboard */; };
		E597DA0119A90FFE00E308A9 /* Main_iPhone.storyboard in Resources */ = {isa = PBXBuildFile; fileRef = E597D9FE19A90FFE00E308A9 /* Main_iPhone.storyboard */; };
		E597DA0619A9100D00E308A9 /* main.m in Sources */ = {isa = PBXBuildFile; fileRef = E597DA0419A9100D00E308A9 /* main.m */; };
		E597DA0919A9103E00E308A9 /* IXDemoViewController.m in Sources */ = {isa = PBXBuildFile; fileRef = E597DA0819A9103E00E308A9 /* IXDemoViewController.m */; };
		E597DA0C19A9104C00E308A9 /* IXManager.m in Sources */ = {isa = PBXBuildFile; fileRef = E597DA0B19A9104C00E308A9 /* IXManager.m */; };
		E597DA0F19A9105D00E308A9 /* IXAudioManager.m in Sources */ = {isa = PBXBuildFile; fileRef = E597DA0E19A9105D00E308A9 /* IXAudioManager.m */; };
		E597DA1219A9106800E308A9 /* IXAppDelegate.m in Sources */ = {isa = PBXBuildFile; fileRef = E597DA1119A9106800E308A9 /* IXAppDelegate.m */; };
		E597DA1719A9D5A900E308A9 /* beacons.plist in Resources */ = {isa = PBXBuildFile; fileRef = E597DA1619A9D5A900E308A9 /* beacons.plist */; };
/* End PBXBuildFile section */

/* Begin PBXContainerItemProxy section */
		77D3C4CA19A903AB001F00EC /* PBXContainerItemProxy */ = {
			isa = PBXContainerItemProxy;
			containerPortal = 77D3C49919A903AA001F00EC /* Project object */;
			proxyType = 1;
			remoteGlobalIDString = 77D3C4A019A903AA001F00EC;
			remoteInfo = EuropeanaApp;
		};
		9BDC49B81BEB441F00162557 /* PBXContainerItemProxy */ = {
			isa = PBXContainerItemProxy;
			containerPortal = 77D3C49919A903AA001F00EC /* Project object */;
			proxyType = 1;
			remoteGlobalIDString = 77D3C4A019A903AA001F00EC;
			remoteInfo = EuropeanaApp;
		};
/* End PBXContainerItemProxy section */

/* Begin PBXFileReference section */
		321679898299C85865CF0E83 /* Pods.framework */ = {isa = PBXFileReference; explicitFileType = wrapper.framework; includeInIndex = 0; path = Pods.framework; sourceTree = BUILT_PRODUCTS_DIR; };
		4456DD9819A935A500B5B707 /* background-music-aac.caf */ = {isa = PBXFileReference; lastKnownFileType = file; path = "background-music-aac.caf"; sourceTree = "<group>"; };
		4456DD9919A935A500B5B707 /* pew-pew-lei.caf */ = {isa = PBXFileReference; lastKnownFileType = file; path = "pew-pew-lei.caf"; sourceTree = "<group>"; };
		531859C7F72D5413B4FEE892 /* Pods.debug.xcconfig */ = {isa = PBXFileReference; includeInIndex = 1; lastKnownFileType = text.xcconfig; name = Pods.debug.xcconfig; path = "Pods/Target Support Files/Pods/Pods.debug.xcconfig"; sourceTree = "<group>"; };
		7701272A19A9F0DB003AC3E5 /* filmmuseum.caf */ = {isa = PBXFileReference; lastKnownFileType = file; path = filmmuseum.caf; sourceTree = "<group>"; };
		7706F1FB1BFE1C42005B5048 /* IXPositioningManager.swift */ = {isa = PBXFileReference; fileEncoding = 4; lastKnownFileType = sourcecode.swift; path = IXPositioningManager.swift; sourceTree = "<group>"; };
		7706F1FD1BFF4895005B5048 /* SuggestionViewCell.swift */ = {isa = PBXFileReference; fileEncoding = 4; lastKnownFileType = sourcecode.swift; path = SuggestionViewCell.swift; sourceTree = "<group>"; };
		771550261C0620D10053E607 /* CBBeaconsMap.h */ = {isa = PBXFileReference; fileEncoding = 4; lastKnownFileType = sourcecode.c.h; path = CBBeaconsMap.h; sourceTree = "<group>"; };
		771550271C0620D10053E607 /* CBBeaconsMap.m */ = {isa = PBXFileReference; fileEncoding = 4; lastKnownFileType = sourcecode.c.objc; path = CBBeaconsMap.m; sourceTree = "<group>"; };
		771550291C0622090053E607 /* CBEstimationMethod.h */ = {isa = PBXFileReference; lastKnownFileType = sourcecode.c.h; path = CBEstimationMethod.h; sourceTree = "<group>"; };
		7742E14A1C03642300BC26FF /* UIColor+Extension.swift */ = {isa = PBXFileReference; fileEncoding = 4; lastKnownFileType = sourcecode.swift; name = "UIColor+Extension.swift"; path = "Extensions/UIColor+Extension.swift"; sourceTree = "<group>"; };
		7742E14D1C037EA300BC26FF /* Base */ = {isa = PBXFileReference; lastKnownFileType = file.storyboard; name = Base; path = "Base.lproj/Launch Screen.storyboard"; sourceTree = "<group>"; };
		7742E14F1C037FB400BC26FF /* PhoneLogoClean.png */ = {isa = PBXFileReference; lastKnownFileType = image.png; path = PhoneLogoClean.png; sourceTree = "<group>"; };
		77906E301BEDFFD000114B0D /* IXHistoryTableVC.swift */ = {isa = PBXFileReference; fileEncoding = 4; lastKnownFileType = sourcecode.swift; path = IXHistoryTableVC.swift; sourceTree = "<group>"; };
		77906E321BEE000D00114B0D /* IXDownloadGuidesVC.swift */ = {isa = PBXFileReference; fileEncoding = 4; lastKnownFileType = sourcecode.swift; path = IXDownloadGuidesVC.swift; sourceTree = "<group>"; };
		77906E341BEE005200114B0D /* IXActiveGuideVC.swift */ = {isa = PBXFileReference; fileEncoding = 4; lastKnownFileType = sourcecode.swift; path = IXActiveGuideVC.swift; sourceTree = "<group>"; };
		77906E361BEE019500114B0D /* IXSuggestionVC.swift */ = {isa = PBXFileReference; fileEncoding = 4; lastKnownFileType = sourcecode.swift; name = IXSuggestionVC.swift; path = EuropeanaApp/Classes/ViewControllers/IXSuggestionVC.swift; sourceTree = SOURCE_ROOT; };
		77906E381BEE01C700114B0D /* IXSuggestionDetailVC.swift */ = {isa = PBXFileReference; fileEncoding = 4; lastKnownFileType = sourcecode.swift; path = IXSuggestionDetailVC.swift; sourceTree = "<group>"; };
		77906E3A1BEE01F500114B0D /* IXFirstTimeHelpVC.swift */ = {isa = PBXFileReference; fileEncoding = 4; lastKnownFileType = sourcecode.swift; path = IXFirstTimeHelpVC.swift; sourceTree = "<group>"; };
		77906E3C1BEE020D00114B0D /* IXNoBeaconVC.swift */ = {isa = PBXFileReference; fileEncoding = 4; lastKnownFileType = sourcecode.swift; path = IXNoBeaconVC.swift; sourceTree = "<group>"; };
		77906E3E1BEE1E1500114B0D /* PhoneSuggestClean.png */ = {isa = PBXFileReference; lastKnownFileType = image.png; name = PhoneSuggestClean.png; path = Mockups/PhoneSuggestClean.png; sourceTree = "<group>"; };
		77906E401BEE1E1C00114B0D /* PhoneActiveClean.png */ = {isa = PBXFileReference; lastKnownFileType = image.png; name = PhoneActiveClean.png; path = Mockups/PhoneActiveClean.png; sourceTree = "<group>"; };
		77906E421BEE331B00114B0D /* PhoneSuggestDetail.png */ = {isa = PBXFileReference; lastKnownFileType = image.png; name = PhoneSuggestDetail.png; path = Mockups/PhoneSuggestDetail.png; sourceTree = "<group>"; };
		77C9F0DB1C034F13006E6017 /* kawsrijks.png */ = {isa = PBXFileReference; lastKnownFileType = image.png; name = kawsrijks.png; path = Mockups/kawsrijks.png; sourceTree = "<group>"; };
		77D3C4A119A903AA001F00EC /* ArtWhisper.app */ = {isa = PBXFileReference; explicitFileType = wrapper.application; includeInIndex = 0; path = ArtWhisper.app; sourceTree = BUILT_PRODUCTS_DIR; };
		77D3C4A419A903AA001F00EC /* Foundation.framework */ = {isa = PBXFileReference; lastKnownFileType = wrapper.framework; name = Foundation.framework; path = System/Library/Frameworks/Foundation.framework; sourceTree = SDKROOT; };
		77D3C4A619A903AA001F00EC /* CoreGraphics.framework */ = {isa = PBXFileReference; lastKnownFileType = wrapper.framework; name = CoreGraphics.framework; path = System/Library/Frameworks/CoreGraphics.framework; sourceTree = SDKROOT; };
		77D3C4A819A903AA001F00EC /* UIKit.framework */ = {isa = PBXFileReference; lastKnownFileType = wrapper.framework; name = UIKit.framework; path = System/Library/Frameworks/UIKit.framework; sourceTree = SDKROOT; };
		77D3C4C519A903AB001F00EC /* ArtWhisperObjcTests.xctest */ = {isa = PBXFileReference; explicitFileType = wrapper.cfbundle; includeInIndex = 0; path = ArtWhisperObjcTests.xctest; sourceTree = BUILT_PRODUCTS_DIR; };
		77D3C4C619A903AB001F00EC /* XCTest.framework */ = {isa = PBXFileReference; lastKnownFileType = wrapper.framework; name = XCTest.framework; path = Library/Frameworks/XCTest.framework; sourceTree = DEVELOPER_DIR; };
		77D3C4CE19A903AB001F00EC /* ArtWhisperTests-Info.plist */ = {isa = PBXFileReference; lastKnownFileType = text.plist.xml; name = "ArtWhisperTests-Info.plist"; path = "../ArtWhisperObjcTests/ArtWhisperTests-Info.plist"; sourceTree = "<group>"; };
		77D3C4D019A903AB001F00EC /* en */ = {isa = PBXFileReference; lastKnownFileType = text.plist.strings; name = en; path = en.lproj/InfoPlist.strings; sourceTree = "<group>"; };
		77D3C4D219A903AB001F00EC /* ArtWhisperBeaconTests.m */ = {isa = PBXFileReference; lastKnownFileType = sourcecode.c.objc; name = ArtWhisperBeaconTests.m; path = ../ArtWhisperObjcTests/ArtWhisperBeaconTests.m; sourceTree = "<group>"; };
		77E3D7C119A910FA0058C62B /* Europeana logo.jpg */ = {isa = PBXFileReference; lastKnownFileType = image.jpeg; path = "Europeana logo.jpg"; sourceTree = "<group>"; };
		77E3D7C219A910FA0058C62B /* glimworm-ibeacons.png */ = {isa = PBXFileReference; lastKnownFileType = image.png; path = "glimworm-ibeacons.png"; sourceTree = "<group>"; };
		77E3D7C519A916590058C62B /* IXBeacon.h */ = {isa = PBXFileReference; fileEncoding = 4; lastKnownFileType = sourcecode.c.h; name = IXBeacon.h; path = EuropeanaApp/Classes/Model/IXBeacon.h; sourceTree = SOURCE_ROOT; };
		77E3D7C619A916590058C62B /* IXBeacon.m */ = {isa = PBXFileReference; fileEncoding = 4; lastKnownFileType = sourcecode.c.objc; name = IXBeacon.m; path = EuropeanaApp/Classes/Model/IXBeacon.m; sourceTree = SOURCE_ROOT; };
		77E3D7C819A91A9B0058C62B /* CoreLocation.framework */ = {isa = PBXFileReference; lastKnownFileType = wrapper.framework; name = CoreLocation.framework; path = System/Library/Frameworks/CoreLocation.framework; sourceTree = SDKROOT; };
		80894D2A9DCF0FE7CFECBC62 /* Pods.release.xcconfig */ = {isa = PBXFileReference; includeInIndex = 1; lastKnownFileType = text.xcconfig; name = Pods.release.xcconfig; path = "Pods/Target Support Files/Pods/Pods.release.xcconfig"; sourceTree = "<group>"; };
		9B15221B1BE14D4700B3A52B /* IXData.h */ = {isa = PBXFileReference; fileEncoding = 4; lastKnownFileType = sourcecode.c.h; path = IXData.h; sourceTree = "<group>"; };
		9B15221C1BE14D4700B3A52B /* IXData.m */ = {isa = PBXFileReference; fileEncoding = 4; lastKnownFileType = sourcecode.c.objc; path = IXData.m; sourceTree = "<group>"; };
		9B15221F1BE14EA700B3A52B /* beacons.json */ = {isa = PBXFileReference; fileEncoding = 4; lastKnownFileType = text.json; path = beacons.json; sourceTree = "<group>"; };
		9B6481CF19AB33300028A8EA /* README.md */ = {isa = PBXFileReference; fileEncoding = 4; lastKnownFileType = net.daringfireball.markdown; name = README.md; path = ../../README.md; sourceTree = "<group>"; };
		9BC4050319AA2CBE00EEA392 /* filmmuseum human.caf */ = {isa = PBXFileReference; lastKnownFileType = file; path = "filmmuseum human.caf"; sourceTree = "<group>"; };
		9BDC46631BE4C17F00162557 /* IXPoi.h */ = {isa = PBXFileReference; fileEncoding = 4; lastKnownFileType = sourcecode.c.h; path = IXPoi.h; sourceTree = "<group>"; };
		9BDC46641BE4C17F00162557 /* IXPoi.m */ = {isa = PBXFileReference; fileEncoding = 4; lastKnownFileType = sourcecode.c.objc; path = IXPoi.m; sourceTree = "<group>"; };
		9BDC46671BE5152000162557 /* poi.json */ = {isa = PBXFileReference; fileEncoding = 4; lastKnownFileType = text.json; path = poi.json; sourceTree = "<group>"; };
		9BDC46691BE646C000162557 /* IXPoiQueue.h */ = {isa = PBXFileReference; fileEncoding = 4; lastKnownFileType = sourcecode.c.h; path = IXPoiQueue.h; sourceTree = "<group>"; };
		9BDC466A1BE646C000162557 /* IXPoiQueue.m */ = {isa = PBXFileReference; fileEncoding = 4; lastKnownFileType = sourcecode.c.objc; path = IXPoiQueue.m; sourceTree = "<group>"; };
		9BDC466D1BE64C6900162557 /* IXPendingOperations.h */ = {isa = PBXFileReference; fileEncoding = 4; lastKnownFileType = sourcecode.c.h; path = IXPendingOperations.h; sourceTree = "<group>"; };
		9BDC466E1BE64C6900162557 /* IXPendingOperations.m */ = {isa = PBXFileReference; fileEncoding = 4; lastKnownFileType = sourcecode.c.objc; path = IXPendingOperations.m; sourceTree = "<group>"; };
		9BDC46721BE75BFC00162557 /* IXEnteringBeaconRegion.h */ = {isa = PBXFileReference; fileEncoding = 4; lastKnownFileType = sourcecode.c.h; name = IXEnteringBeaconRegion.h; path = Operations/IXEnteringBeaconRegion.h; sourceTree = "<group>"; };
		9BDC46731BE75BFC00162557 /* IXEnteringBeaconRegion.m */ = {isa = PBXFileReference; fileEncoding = 4; lastKnownFileType = sourcecode.c.objc; name = IXEnteringBeaconRegion.m; path = Operations/IXEnteringBeaconRegion.m; sourceTree = "<group>"; };
		9BDC49341BE8F95B00162557 /* BlockObserver.swift */ = {isa = PBXFileReference; fileEncoding = 4; lastKnownFileType = sourcecode.swift; path = BlockObserver.swift; sourceTree = "<group>"; };
		9BDC49351BE8F95B00162557 /* BlockOperation.swift */ = {isa = PBXFileReference; fileEncoding = 4; lastKnownFileType = sourcecode.swift; path = BlockOperation.swift; sourceTree = "<group>"; };
		9BDC49361BE8F95B00162557 /* CalendarCondition.swift */ = {isa = PBXFileReference; fileEncoding = 4; lastKnownFileType = sourcecode.swift; path = CalendarCondition.swift; sourceTree = "<group>"; };
		9BDC49371BE8F95B00162557 /* CKContainer+Operations.swift */ = {isa = PBXFileReference; fileEncoding = 4; lastKnownFileType = sourcecode.swift; path = "CKContainer+Operations.swift"; sourceTree = "<group>"; };
		9BDC49381BE8F95B00162557 /* CloudCondition.swift */ = {isa = PBXFileReference; fileEncoding = 4; lastKnownFileType = sourcecode.swift; path = CloudCondition.swift; sourceTree = "<group>"; };
		9BDC49391BE8F95B00162557 /* DelayOperation.swift */ = {isa = PBXFileReference; fileEncoding = 4; lastKnownFileType = sourcecode.swift; path = DelayOperation.swift; sourceTree = "<group>"; };
		9BDC493A1BE8F95B00162557 /* Dictionary+Operations.swift */ = {isa = PBXFileReference; fileEncoding = 4; lastKnownFileType = sourcecode.swift; path = "Dictionary+Operations.swift"; sourceTree = "<group>"; };
		9BDC493B1BE8F95B00162557 /* ExclusivityController.swift */ = {isa = PBXFileReference; fileEncoding = 4; lastKnownFileType = sourcecode.swift; path = ExclusivityController.swift; sourceTree = "<group>"; };
		9BDC493C1BE8F95B00162557 /* GroupOperation.swift */ = {isa = PBXFileReference; fileEncoding = 4; lastKnownFileType = sourcecode.swift; path = GroupOperation.swift; sourceTree = "<group>"; };
		9BDC493D1BE8F95B00162557 /* HealthCondition.swift */ = {isa = PBXFileReference; fileEncoding = 4; lastKnownFileType = sourcecode.swift; path = HealthCondition.swift; sourceTree = "<group>"; };
		9BDC493E1BE8F95B00162557 /* LocationCondition.swift */ = {isa = PBXFileReference; fileEncoding = 4; lastKnownFileType = sourcecode.swift; path = LocationCondition.swift; sourceTree = "<group>"; };
		9BDC493F1BE8F95B00162557 /* LocationOperation.swift */ = {isa = PBXFileReference; fileEncoding = 4; lastKnownFileType = sourcecode.swift; path = LocationOperation.swift; sourceTree = "<group>"; };
		9BDC49401BE8F95B00162557 /* MutuallyExclusive.swift */ = {isa = PBXFileReference; fileEncoding = 4; lastKnownFileType = sourcecode.swift; path = MutuallyExclusive.swift; sourceTree = "<group>"; };
		9BDC49411BE8F95B00162557 /* NegatedCondition.swift */ = {isa = PBXFileReference; fileEncoding = 4; lastKnownFileType = sourcecode.swift; path = NegatedCondition.swift; sourceTree = "<group>"; };
		9BDC49421BE8F95B00162557 /* NoCancelledDependencies.swift */ = {isa = PBXFileReference; fileEncoding = 4; lastKnownFileType = sourcecode.swift; path = NoCancelledDependencies.swift; sourceTree = "<group>"; };
		9BDC49431BE8F95B00162557 /* NSLock+Operations.swift */ = {isa = PBXFileReference; fileEncoding = 4; lastKnownFileType = sourcecode.swift; path = "NSLock+Operations.swift"; sourceTree = "<group>"; };
		9BDC49441BE8F95B00162557 /* NSOperation+Operations.swift */ = {isa = PBXFileReference; fileEncoding = 4; lastKnownFileType = sourcecode.swift; path = "NSOperation+Operations.swift"; sourceTree = "<group>"; };
		9BDC49451BE8F95B00162557 /* Operation.swift */ = {isa = PBXFileReference; fileEncoding = 4; lastKnownFileType = sourcecode.swift; path = Operation.swift; sourceTree = "<group>"; };
		9BDC49461BE8F95B00162557 /* OperationCondition.swift */ = {isa = PBXFileReference; fileEncoding = 4; lastKnownFileType = sourcecode.swift; path = OperationCondition.swift; sourceTree = "<group>"; };
		9BDC49471BE8F95B00162557 /* OperationErrors.swift */ = {isa = PBXFileReference; fileEncoding = 4; lastKnownFileType = sourcecode.swift; path = OperationErrors.swift; sourceTree = "<group>"; };
		9BDC49481BE8F95B00162557 /* OperationObserver.swift */ = {isa = PBXFileReference; fileEncoding = 4; lastKnownFileType = sourcecode.swift; path = OperationObserver.swift; sourceTree = "<group>"; };
		9BDC49491BE8F95B00162557 /* OperationQueue.swift */ = {isa = PBXFileReference; fileEncoding = 4; lastKnownFileType = sourcecode.swift; path = OperationQueue.swift; sourceTree = "<group>"; };
		9BDC494A1BE8F95B00162557 /* PassbookCondition.swift */ = {isa = PBXFileReference; fileEncoding = 4; lastKnownFileType = sourcecode.swift; path = PassbookCondition.swift; sourceTree = "<group>"; };
		9BDC494B1BE8F95B00162557 /* PhotosCondition.swift */ = {isa = PBXFileReference; fileEncoding = 4; lastKnownFileType = sourcecode.swift; path = PhotosCondition.swift; sourceTree = "<group>"; };
		9BDC494C1BE8F95B00162557 /* ReachabilityCondition.swift */ = {isa = PBXFileReference; fileEncoding = 4; lastKnownFileType = sourcecode.swift; path = ReachabilityCondition.swift; sourceTree = "<group>"; };
		9BDC494D1BE8F95B00162557 /* RemoteNotificationCondition.swift */ = {isa = PBXFileReference; fileEncoding = 4; lastKnownFileType = sourcecode.swift; path = RemoteNotificationCondition.swift; sourceTree = "<group>"; };
		9BDC494E1BE8F95B00162557 /* SilentCondition.swift */ = {isa = PBXFileReference; fileEncoding = 4; lastKnownFileType = sourcecode.swift; path = SilentCondition.swift; sourceTree = "<group>"; };
		9BDC494F1BE8F95B00162557 /* TimeoutObserver.swift */ = {isa = PBXFileReference; fileEncoding = 4; lastKnownFileType = sourcecode.swift; path = TimeoutObserver.swift; sourceTree = "<group>"; };
		9BDC49501BE8F95B00162557 /* UIUserNotifications+Operations.swift */ = {isa = PBXFileReference; fileEncoding = 4; lastKnownFileType = sourcecode.swift; path = "UIUserNotifications+Operations.swift"; sourceTree = "<group>"; };
		9BDC49511BE8F95B00162557 /* URLSessionTaskOperation.swift */ = {isa = PBXFileReference; fileEncoding = 4; lastKnownFileType = sourcecode.swift; path = URLSessionTaskOperation.swift; sourceTree = "<group>"; };
		9BDC49521BE8F95B00162557 /* UserNotificationCondition.swift */ = {isa = PBXFileReference; fileEncoding = 4; lastKnownFileType = sourcecode.swift; path = UserNotificationCondition.swift; sourceTree = "<group>"; };
		9BDC49961BE8FCDF00162557 /* EnterBeaconRangeOperation.swift */ = {isa = PBXFileReference; fileEncoding = 4; lastKnownFileType = sourcecode.swift; name = EnterBeaconRangeOperation.swift; path = Operations/EnterBeaconRangeOperation.swift; sourceTree = "<group>"; };
		9BDC49991BEA3C3B00162557 /* EuropeanaApp-Bridging-Header.h */ = {isa = PBXFileReference; lastKnownFileType = sourcecode.c.h; name = "EuropeanaApp-Bridging-Header.h"; path = "EuropeanaApp/EuropeanaApp-Bridging-Header.h"; sourceTree = SOURCE_ROOT; };
		9BDC499E1BEA495800162557 /* BeaconMonitorOperation.swift */ = {isa = PBXFileReference; fileEncoding = 4; lastKnownFileType = sourcecode.swift; path = BeaconMonitorOperation.swift; sourceTree = "<group>"; };
		9BDC49A11BEAA6AE00162557 /* BeaconRangeOperation.swift */ = {isa = PBXFileReference; fileEncoding = 4; lastKnownFileType = sourcecode.swift; name = BeaconRangeOperation.swift; path = Operations/BeaconRangeOperation.swift; sourceTree = "<group>"; };
		9BDC49B31BEB441F00162557 /* ArtWhisperTests.xctest */ = {isa = PBXFileReference; explicitFileType = wrapper.cfbundle; includeInIndex = 0; path = ArtWhisperTests.xctest; sourceTree = BUILT_PRODUCTS_DIR; };
		9BDC49B51BEB441F00162557 /* ArtWhisperTests.swift */ = {isa = PBXFileReference; lastKnownFileType = sourcecode.swift; name = ArtWhisperTests.swift; path = ../ArtWhisperSwiftTests/ArtWhisperTests.swift; sourceTree = "<group>"; };
		9BDC49B71BEB441F00162557 /* Info.plist */ = {isa = PBXFileReference; lastKnownFileType = text.plist.xml; name = Info.plist; path = ../ArtWhisperSwiftTests/Info.plist; sourceTree = "<group>"; };
		9BDC49BD1BEB449200162557 /* BeaconMonitorOperationTest.swift */ = {isa = PBXFileReference; fileEncoding = 4; lastKnownFileType = sourcecode.swift; name = BeaconMonitorOperationTest.swift; path = ../ArtWhisperSwiftTests/BeaconMonitorOperationTest.swift; sourceTree = "<group>"; };
		E597D9F719A90FA700E308A9 /* IXLocationManager.h */ = {isa = PBXFileReference; fileEncoding = 4; lastKnownFileType = sourcecode.c.h; path = IXLocationManager.h; sourceTree = "<group>"; };
		E597D9F819A90FA700E308A9 /* IXLocationManager.m */ = {isa = PBXFileReference; fileEncoding = 4; lastKnownFileType = sourcecode.c.objc; path = IXLocationManager.m; sourceTree = "<group>"; };
		E597D9FA19A90FE900E308A9 /* Images.xcassets */ = {isa = PBXFileReference; lastKnownFileType = folder.assetcatalog; path = Images.xcassets; sourceTree = "<group>"; };
		E597D9FD19A90FFE00E308A9 /* Base */ = {isa = PBXFileReference; lastKnownFileType = file.storyboard; name = Base; path = Base.lproj/Main_iPad.storyboard; sourceTree = "<group>"; };
		E597D9FF19A90FFE00E308A9 /* Base */ = {isa = PBXFileReference; lastKnownFileType = file.storyboard; name = Base; path = Base.lproj/Main_iPhone.storyboard; sourceTree = "<group>"; };
		E597DA0219A9100D00E308A9 /* ArtWhisper-Info.plist */ = {isa = PBXFileReference; fileEncoding = 4; lastKnownFileType = text.plist.xml; name = "ArtWhisper-Info.plist"; path = "Resources/ArtWhisper-Info.plist"; sourceTree = "<group>"; };
		E597DA0319A9100D00E308A9 /* ArtWhisper-Prefix.pch */ = {isa = PBXFileReference; fileEncoding = 4; lastKnownFileType = sourcecode.c.h; name = "ArtWhisper-Prefix.pch"; path = "Resources/ArtWhisper-Prefix.pch"; sourceTree = "<group>"; };
		E597DA0419A9100D00E308A9 /* main.m */ = {isa = PBXFileReference; fileEncoding = 4; lastKnownFileType = sourcecode.c.objc; name = main.m; path = Resources/main.m; sourceTree = "<group>"; };
		E597DA0719A9103E00E308A9 /* IXDemoViewController.h */ = {isa = PBXFileReference; fileEncoding = 4; lastKnownFileType = sourcecode.c.h; path = IXDemoViewController.h; sourceTree = "<group>"; };
		E597DA0819A9103E00E308A9 /* IXDemoViewController.m */ = {isa = PBXFileReference; fileEncoding = 4; lastKnownFileType = sourcecode.c.objc; path = IXDemoViewController.m; sourceTree = "<group>"; };
		E597DA0A19A9104C00E308A9 /* IXManager.h */ = {isa = PBXFileReference; fileEncoding = 4; lastKnownFileType = sourcecode.c.h; path = IXManager.h; sourceTree = "<group>"; };
		E597DA0B19A9104C00E308A9 /* IXManager.m */ = {isa = PBXFileReference; fileEncoding = 4; lastKnownFileType = sourcecode.c.objc; path = IXManager.m; sourceTree = "<group>"; };
		E597DA0D19A9105D00E308A9 /* IXAudioManager.h */ = {isa = PBXFileReference; fileEncoding = 4; lastKnownFileType = sourcecode.c.h; path = IXAudioManager.h; sourceTree = "<group>"; };
		E597DA0E19A9105D00E308A9 /* IXAudioManager.m */ = {isa = PBXFileReference; fileEncoding = 4; lastKnownFileType = sourcecode.c.objc; path = IXAudioManager.m; sourceTree = "<group>"; };
		E597DA1019A9106800E308A9 /* IXAppDelegate.h */ = {isa = PBXFileReference; fileEncoding = 4; lastKnownFileType = sourcecode.c.h; path = IXAppDelegate.h; sourceTree = "<group>"; };
		E597DA1119A9106800E308A9 /* IXAppDelegate.m */ = {isa = PBXFileReference; fileEncoding = 4; lastKnownFileType = sourcecode.c.objc; path = IXAppDelegate.m; sourceTree = "<group>"; };
		E597DA1619A9D5A900E308A9 /* beacons.plist */ = {isa = PBXFileReference; fileEncoding = 4; lastKnownFileType = text.plist.xml; path = beacons.plist; sourceTree = "<group>"; };
/* End PBXFileReference section */

/* Begin PBXFrameworksBuildPhase section */
		77D3C49E19A903AA001F00EC /* Frameworks */ = {
			isa = PBXFrameworksBuildPhase;
			buildActionMask = 2147483647;
			files = (
				77E3D7C919A91A9B0058C62B /* CoreLocation.framework in Frameworks */,
				77D3C4A719A903AA001F00EC /* CoreGraphics.framework in Frameworks */,
				77D3C4A919A903AA001F00EC /* UIKit.framework in Frameworks */,
				77D3C4A519A903AA001F00EC /* Foundation.framework in Frameworks */,
				E151FFA2A279885AA44A64DA /* Pods.framework in Frameworks */,
			);
			runOnlyForDeploymentPostprocessing = 0;
		};
		77D3C4C219A903AB001F00EC /* Frameworks */ = {
			isa = PBXFrameworksBuildPhase;
			buildActionMask = 2147483647;
			files = (
				77D3C4C719A903AB001F00EC /* XCTest.framework in Frameworks */,
				77D3C4C919A903AB001F00EC /* UIKit.framework in Frameworks */,
				77D3C4C819A903AB001F00EC /* Foundation.framework in Frameworks */,
			);
			runOnlyForDeploymentPostprocessing = 0;
		};
		9BDC49B01BEB441F00162557 /* Frameworks */ = {
			isa = PBXFrameworksBuildPhase;
			buildActionMask = 2147483647;
			files = (
			);
			runOnlyForDeploymentPostprocessing = 0;
		};
/* End PBXFrameworksBuildPhase section */

/* Begin PBXGroup section */
		42A9367F9E49AAF5408E85F4 /* Pods */ = {
			isa = PBXGroup;
			children = (
				531859C7F72D5413B4FEE892 /* Pods.debug.xcconfig */,
				80894D2A9DCF0FE7CFECBC62 /* Pods.release.xcconfig */,
			);
			name = Pods;
			sourceTree = "<group>";
		};
		771550241C061F830053E607 /* Libs */ = {
			isa = PBXGroup;
			children = (
				771550291C0622090053E607 /* CBEstimationMethod.h */,
				771550261C0620D10053E607 /* CBBeaconsMap.h */,
				771550271C0620D10053E607 /* CBBeaconsMap.m */,
			);
			name = Libs;
			path = Classes;
			sourceTree = "<group>";
		};
		7742E1491C0363F500BC26FF /* Extensions */ = {
			isa = PBXGroup;
			children = (
				7742E14A1C03642300BC26FF /* UIColor+Extension.swift */,
			);
			name = Extensions;
			sourceTree = "<group>";
		};
		77D3C49819A903AA001F00EC = {
			isa = PBXGroup;
			children = (
				77D3C4AA19A903AA001F00EC /* EuropeanaApp */,
				77D3C4CC19A903AB001F00EC /* ArtWhisperObjcTests */,
				9BDC49B41BEB441F00162557 /* ArtWhisperSwiftTests */,
				77D3C4A319A903AA001F00EC /* Frameworks */,
				77D3C4A219A903AA001F00EC /* Products */,
				42A9367F9E49AAF5408E85F4 /* Pods */,
			);
			sourceTree = "<group>";
		};
		77D3C4A219A903AA001F00EC /* Products */ = {
			isa = PBXGroup;
			children = (
				77D3C4A119A903AA001F00EC /* ArtWhisper.app */,
				77D3C4C519A903AB001F00EC /* ArtWhisperObjcTests.xctest */,
				9BDC49B31BEB441F00162557 /* ArtWhisperTests.xctest */,
			);
			name = Products;
			sourceTree = "<group>";
		};
		77D3C4A319A903AA001F00EC /* Frameworks */ = {
			isa = PBXGroup;
			children = (
				77E3D7C819A91A9B0058C62B /* CoreLocation.framework */,
				77D3C4A419A903AA001F00EC /* Foundation.framework */,
				77D3C4A619A903AA001F00EC /* CoreGraphics.framework */,
				77D3C4A819A903AA001F00EC /* UIKit.framework */,
				77D3C4C619A903AB001F00EC /* XCTest.framework */,
				321679898299C85865CF0E83 /* Pods.framework */,
			);
			name = Frameworks;
			sourceTree = "<group>";
		};
		77D3C4AA19A903AA001F00EC /* EuropeanaApp */ = {
			isa = PBXGroup;
			children = (
				9B6481CF19AB33300028A8EA /* README.md */,
				771550241C061F830053E607 /* Libs */,
				E597D9EC19A90EF800E308A9 /* Classes */,
				E597D9F419A90F3700E308A9 /* Resources */,
			);
			path = EuropeanaApp;
			sourceTree = "<group>";
		};
		77D3C4AB19A903AA001F00EC /* Supporting Files */ = {
			isa = PBXGroup;
			children = (
				E597DA0219A9100D00E308A9 /* ArtWhisper-Info.plist */,
				E597DA0319A9100D00E308A9 /* ArtWhisper-Prefix.pch */,
				E597DA0419A9100D00E308A9 /* main.m */,
			);
			name = "Supporting Files";
			path = ..;
			sourceTree = "<group>";
		};
		77D3C4CC19A903AB001F00EC /* ArtWhisperObjcTests */ = {
			isa = PBXGroup;
			children = (
				77D3C4D219A903AB001F00EC /* ArtWhisperBeaconTests.m */,
				77D3C4CD19A903AB001F00EC /* Supporting Files */,
			);
			name = ArtWhisperObjcTests;
			path = EuropeanaAppTests;
			sourceTree = "<group>";
		};
		77D3C4CD19A903AB001F00EC /* Supporting Files */ = {
			isa = PBXGroup;
			children = (
				77D3C4CE19A903AB001F00EC /* ArtWhisperTests-Info.plist */,
				77D3C4CF19A903AB001F00EC /* InfoPlist.strings */,
			);
			name = "Supporting Files";
			sourceTree = "<group>";
		};
		77E3D7C019A910FA0058C62B /* images */ = {
			isa = PBXGroup;
			children = (
				7742E14F1C037FB400BC26FF /* PhoneLogoClean.png */,
				77C9F0DB1C034F13006E6017 /* kawsrijks.png */,
				77906E421BEE331B00114B0D /* PhoneSuggestDetail.png */,
				77906E401BEE1E1C00114B0D /* PhoneActiveClean.png */,
				77906E3E1BEE1E1500114B0D /* PhoneSuggestClean.png */,
				77E3D7C119A910FA0058C62B /* Europeana logo.jpg */,
				77E3D7C219A910FA0058C62B /* glimworm-ibeacons.png */,
			);
			name = images;
			path = EuropeanaApp/images;
			sourceTree = SOURCE_ROOT;
		};
		9BDC46711BE75B5A00162557 /* Operations */ = {
			isa = PBXGroup;
			children = (
				9BDC46721BE75BFC00162557 /* IXEnteringBeaconRegion.h */,
				9BDC46731BE75BFC00162557 /* IXEnteringBeaconRegion.m */,
				9BDC49961BE8FCDF00162557 /* EnterBeaconRangeOperation.swift */,
				9BDC499E1BEA495800162557 /* BeaconMonitorOperation.swift */,
				9BDC49A11BEAA6AE00162557 /* BeaconRangeOperation.swift */,
			);
			name = Operations;
			sourceTree = "<group>";
		};
		9BDC49331BE8F95B00162557 /* Operations */ = {
			isa = PBXGroup;
			children = (
				9BDC49911BE8F9A200162557 /* Operation Queue */,
				9BDC49921BE8F9CD00162557 /* Operations */,
				9BDC49931BE8FA2400162557 /* Observers */,
				9BDC49941BE8FA5F00162557 /* Conditions */,
				9BDC49951BE8FA9800162557 /* Convenience Extensions */,
			);
			path = Operations;
			sourceTree = "<group>";
		};
		9BDC49911BE8F9A200162557 /* Operation Queue */ = {
			isa = PBXGroup;
			children = (
				9BDC49491BE8F95B00162557 /* OperationQueue.swift */,
				9BDC493B1BE8F95B00162557 /* ExclusivityController.swift */,
			);
			name = "Operation Queue";
			sourceTree = "<group>";
		};
		9BDC49921BE8F9CD00162557 /* Operations */ = {
			isa = PBXGroup;
			children = (
				9BDC49451BE8F95B00162557 /* Operation.swift */,
				9BDC49351BE8F95B00162557 /* BlockOperation.swift */,
				9BDC493C1BE8F95B00162557 /* GroupOperation.swift */,
				9BDC49511BE8F95B00162557 /* URLSessionTaskOperation.swift */,
				9BDC493F1BE8F95B00162557 /* LocationOperation.swift */,
				9BDC49391BE8F95B00162557 /* DelayOperation.swift */,
			);
			name = Operations;
			sourceTree = "<group>";
		};
		9BDC49931BE8FA2400162557 /* Observers */ = {
			isa = PBXGroup;
			children = (
				9BDC49481BE8F95B00162557 /* OperationObserver.swift */,
				9BDC49341BE8F95B00162557 /* BlockObserver.swift */,
				9BDC494F1BE8F95B00162557 /* TimeoutObserver.swift */,
			);
			name = Observers;
			sourceTree = "<group>";
		};
		9BDC49941BE8FA5F00162557 /* Conditions */ = {
			isa = PBXGroup;
			children = (
				9BDC49361BE8F95B00162557 /* CalendarCondition.swift */,
				9BDC49381BE8F95B00162557 /* CloudCondition.swift */,
				9BDC493D1BE8F95B00162557 /* HealthCondition.swift */,
				9BDC493E1BE8F95B00162557 /* LocationCondition.swift */,
				9BDC49401BE8F95B00162557 /* MutuallyExclusive.swift */,
				9BDC49411BE8F95B00162557 /* NegatedCondition.swift */,
				9BDC49421BE8F95B00162557 /* NoCancelledDependencies.swift */,
				9BDC49461BE8F95B00162557 /* OperationCondition.swift */,
				9BDC49471BE8F95B00162557 /* OperationErrors.swift */,
				9BDC494A1BE8F95B00162557 /* PassbookCondition.swift */,
				9BDC494B1BE8F95B00162557 /* PhotosCondition.swift */,
				9BDC494C1BE8F95B00162557 /* ReachabilityCondition.swift */,
				9BDC494D1BE8F95B00162557 /* RemoteNotificationCondition.swift */,
				9BDC494E1BE8F95B00162557 /* SilentCondition.swift */,
				9BDC49521BE8F95B00162557 /* UserNotificationCondition.swift */,
			);
			name = Conditions;
			sourceTree = "<group>";
		};
		9BDC49951BE8FA9800162557 /* Convenience Extensions */ = {
			isa = PBXGroup;
			children = (
				9BDC493A1BE8F95B00162557 /* Dictionary+Operations.swift */,
				9BDC49441BE8F95B00162557 /* NSOperation+Operations.swift */,
				9BDC49431BE8F95B00162557 /* NSLock+Operations.swift */,
				9BDC49371BE8F95B00162557 /* CKContainer+Operations.swift */,
				9BDC49501BE8F95B00162557 /* UIUserNotifications+Operations.swift */,
			);
			name = "Convenience Extensions";
			sourceTree = "<group>";
		};
		9BDC49B41BEB441F00162557 /* ArtWhisperSwiftTests */ = {
			isa = PBXGroup;
			children = (
				9BDC49B51BEB441F00162557 /* ArtWhisperTests.swift */,
				9BDC49B71BEB441F00162557 /* Info.plist */,
				9BDC49BD1BEB449200162557 /* BeaconMonitorOperationTest.swift */,
			);
			name = ArtWhisperSwiftTests;
			path = ArtWhisperTests;
			sourceTree = "<group>";
		};
		E597D9EC19A90EF800E308A9 /* Classes */ = {
			isa = PBXGroup;
			children = (
				E597D9F319A90F1900E308A9 /* Application */,
				E597D9ED19A90EF800E308A9 /* Controllers */,
				7742E1491C0363F500BC26FF /* Extensions */,
				E597D9EF19A90EF800E308A9 /* Model */,
				9BDC49331BE8F95B00162557 /* Operations */,
				E597D9F019A90EF800E308A9 /* ViewControllers */,
			);
			path = Classes;
			sourceTree = "<group>";
		};
		E597D9ED19A90EF800E308A9 /* Controllers */ = {
			isa = PBXGroup;
			children = (
				E597DA0D19A9105D00E308A9 /* IXAudioManager.h */,
				E597DA0E19A9105D00E308A9 /* IXAudioManager.m */,
				E597DA0A19A9104C00E308A9 /* IXManager.h */,
				E597DA0B19A9104C00E308A9 /* IXManager.m */,
				E597D9F719A90FA700E308A9 /* IXLocationManager.h */,
				E597D9F819A90FA700E308A9 /* IXLocationManager.m */,
				7706F1FB1BFE1C42005B5048 /* IXPositioningManager.swift */,
			);
			path = Controllers;
			sourceTree = "<group>";
		};
		E597D9EF19A90EF800E308A9 /* Model */ = {
			isa = PBXGroup;
			children = (
				9BDC46711BE75B5A00162557 /* Operations */,
				9BDC46631BE4C17F00162557 /* IXPoi.h */,
				9BDC46641BE4C17F00162557 /* IXPoi.m */,
				77E3D7C519A916590058C62B /* IXBeacon.h */,
				77E3D7C619A916590058C62B /* IXBeacon.m */,
				9B15221B1BE14D4700B3A52B /* IXData.h */,
				9B15221C1BE14D4700B3A52B /* IXData.m */,
				9BDC46691BE646C000162557 /* IXPoiQueue.h */,
				9BDC466A1BE646C000162557 /* IXPoiQueue.m */,
				9BDC466D1BE64C6900162557 /* IXPendingOperations.h */,
				9BDC466E1BE64C6900162557 /* IXPendingOperations.m */,
			);
			path = Model;
			sourceTree = "<group>";
		};
		E597D9F019A90EF800E308A9 /* ViewControllers */ = {
			isa = PBXGroup;
			children = (
				77906E341BEE005200114B0D /* IXActiveGuideVC.swift */,
				77906E321BEE000D00114B0D /* IXDownloadGuidesVC.swift */,
				77906E301BEDFFD000114B0D /* IXHistoryTableVC.swift */,
				77906E361BEE019500114B0D /* IXSuggestionVC.swift */,
				77906E381BEE01C700114B0D /* IXSuggestionDetailVC.swift */,
				77906E3A1BEE01F500114B0D /* IXFirstTimeHelpVC.swift */,
				77906E3C1BEE020D00114B0D /* IXNoBeaconVC.swift */,
				E597DA0719A9103E00E308A9 /* IXDemoViewController.h */,
				E597DA0819A9103E00E308A9 /* IXDemoViewController.m */,
				7706F1FD1BFF4895005B5048 /* SuggestionViewCell.swift */,
			);
			path = ViewControllers;
			sourceTree = "<group>";
		};
		E597D9F319A90F1900E308A9 /* Application */ = {
			isa = PBXGroup;
			children = (
				E597DA1019A9106800E308A9 /* IXAppDelegate.h */,
				E597DA1119A9106800E308A9 /* IXAppDelegate.m */,
			);
			path = Application;
			sourceTree = "<group>";
		};
		E597D9F419A90F3700E308A9 /* Resources */ = {
			isa = PBXGroup;
			children = (
				9BC4050319AA2CBE00EEA392 /* filmmuseum human.caf */,
				E597DA1619A9D5A900E308A9 /* beacons.plist */,
				7701272A19A9F0DB003AC3E5 /* filmmuseum.caf */,
				4456DD9819A935A500B5B707 /* background-music-aac.caf */,
				4456DD9919A935A500B5B707 /* pew-pew-lei.caf */,
				77E3D7C019A910FA0058C62B /* images */,
				E597D9FC19A90FFE00E308A9 /* Main_iPad.storyboard */,
				E597D9FE19A90FFE00E308A9 /* Main_iPhone.storyboard */,
				E597D9FA19A90FE900E308A9 /* Images.xcassets */,
				7742E14C1C037EA300BC26FF /* Launch Screen.storyboard */,
				77D3C4AB19A903AA001F00EC /* Supporting Files */,
				9B15221F1BE14EA700B3A52B /* beacons.json */,
				9BDC46671BE5152000162557 /* poi.json */,
				9BDC49991BEA3C3B00162557 /* EuropeanaApp-Bridging-Header.h */,
			);
			path = Resources;
			sourceTree = "<group>";
		};
/* End PBXGroup section */

/* Begin PBXNativeTarget section */
		77D3C4A019A903AA001F00EC /* ArtWhisper */ = {
			isa = PBXNativeTarget;
			buildConfigurationList = 77D3C4D619A903AB001F00EC /* Build configuration list for PBXNativeTarget "ArtWhisper" */;
			buildPhases = (
				47A0DC1FC2BE701E1582C5C2 /* Check Pods Manifest.lock */,
				77D3C49D19A903AA001F00EC /* Sources */,
				77D3C49E19A903AA001F00EC /* Frameworks */,
				77D3C49F19A903AA001F00EC /* Resources */,
				CBF77020C601B80F31C288B1 /* Embed Pods Frameworks */,
				A71E1A9DE333FB3649ACF3F6 /* Copy Pods Resources */,
			);
			buildRules = (
			);
			dependencies = (
			);
			name = ArtWhisper;
			productName = EuropeanaApp;
			productReference = 77D3C4A119A903AA001F00EC /* ArtWhisper.app */;
			productType = "com.apple.product-type.application";
		};
		77D3C4C419A903AB001F00EC /* ArtWhisperObjcTests */ = {
			isa = PBXNativeTarget;
			buildConfigurationList = 77D3C4D919A903AB001F00EC /* Build configuration list for PBXNativeTarget "ArtWhisperObjcTests" */;
			buildPhases = (
				77D3C4C119A903AB001F00EC /* Sources */,
				77D3C4C219A903AB001F00EC /* Frameworks */,
				77D3C4C319A903AB001F00EC /* Resources */,
			);
			buildRules = (
			);
			dependencies = (
				77D3C4CB19A903AB001F00EC /* PBXTargetDependency */,
			);
			name = ArtWhisperObjcTests;
			productName = EuropeanaAppTests;
			productReference = 77D3C4C519A903AB001F00EC /* ArtWhisperObjcTests.xctest */;
			productType = "com.apple.product-type.bundle.unit-test";
		};
		9BDC49B21BEB441F00162557 /* ArtWhisperTests */ = {
			isa = PBXNativeTarget;
			buildConfigurationList = 9BDC49BA1BEB441F00162557 /* Build configuration list for PBXNativeTarget "ArtWhisperTests" */;
			buildPhases = (
				9BDC49AF1BEB441F00162557 /* Sources */,
				9BDC49B01BEB441F00162557 /* Frameworks */,
				9BDC49B11BEB441F00162557 /* Resources */,
			);
			buildRules = (
			);
			dependencies = (
				9BDC49B91BEB441F00162557 /* PBXTargetDependency */,
			);
			name = ArtWhisperTests;
			productName = ArtWhisperTests;
			productReference = 9BDC49B31BEB441F00162557 /* ArtWhisperTests.xctest */;
			productType = "com.apple.product-type.bundle.unit-test";
		};
/* End PBXNativeTarget section */

/* Begin PBXProject section */
		77D3C49919A903AA001F00EC /* Project object */ = {
			isa = PBXProject;
			attributes = {
				CLASSPREFIX = IX;
				LastSwiftMigration = 0710;
				LastSwiftUpdateCheck = 0710;
				LastUpgradeCheck = 0710;
				ORGANIZATIONNAME = Phluxus;
				TargetAttributes = {
					77D3C4A019A903AA001F00EC = {
						DevelopmentTeam = 8EXZH89K22;
						SystemCapabilities = {
							com.apple.BackgroundModes = {
								enabled = 1;
							};
						};
					};
					77D3C4C419A903AB001F00EC = {
						DevelopmentTeam = PKNPK2UYN4;
						TestTargetID = 77D3C4A019A903AA001F00EC;
					};
					9BDC49B21BEB441F00162557 = {
						CreatedOnToolsVersion = 7.1;
						TestTargetID = 77D3C4A019A903AA001F00EC;
					};
				};
			};
			buildConfigurationList = 77D3C49C19A903AA001F00EC /* Build configuration list for PBXProject "ArtWhisper" */;
			compatibilityVersion = "Xcode 3.2";
			developmentRegion = English;
			hasScannedForEncodings = 0;
			knownRegions = (
				en,
				Base,
			);
			mainGroup = 77D3C49819A903AA001F00EC;
			productRefGroup = 77D3C4A219A903AA001F00EC /* Products */;
			projectDirPath = "";
			projectRoot = "";
			targets = (
				77D3C4A019A903AA001F00EC /* ArtWhisper */,
				77D3C4C419A903AB001F00EC /* ArtWhisperObjcTests */,
				9BDC49B21BEB441F00162557 /* ArtWhisperTests */,
			);
		};
/* End PBXProject section */

/* Begin PBXResourcesBuildPhase section */
		77D3C49F19A903AA001F00EC /* Resources */ = {
			isa = PBXResourcesBuildPhase;
			buildActionMask = 2147483647;
			files = (
				4456DD9B19A935A500B5B707 /* pew-pew-lei.caf in Resources */,
				77906E431BEE331B00114B0D /* PhoneSuggestDetail.png in Resources */,
				7742E14E1C037EA300BC26FF /* Launch Screen.storyboard in Resources */,
				7742E1501C037FB400BC26FF /* PhoneLogoClean.png in Resources */,
				77906E3F1BEE1E1500114B0D /* PhoneSuggestClean.png in Resources */,
				E597DA0119A90FFE00E308A9 /* Main_iPhone.storyboard in Resources */,
				E597DA1719A9D5A900E308A9 /* beacons.plist in Resources */,
				77E3D7C319A910FA0058C62B /* Europeana logo.jpg in Resources */,
				4456DD9A19A935A500B5B707 /* background-music-aac.caf in Resources */,
				E597DA0019A90FFE00E308A9 /* Main_iPad.storyboard in Resources */,
				77E3D7C419A910FA0058C62B /* glimworm-ibeacons.png in Resources */,
				77C9F0DC1C034F13006E6017 /* kawsrijks.png in Resources */,
				7701272B19A9F0DB003AC3E5 /* filmmuseum.caf in Resources */,
				E597D9FB19A90FE900E308A9 /* Images.xcassets in Resources */,
				77906E411BEE1E1C00114B0D /* PhoneActiveClean.png in Resources */,
				9B1522201BE14EA700B3A52B /* beacons.json in Resources */,
				9BC4050419AA2CBE00EEA392 /* filmmuseum human.caf in Resources */,
				9BDC46681BE5152000162557 /* poi.json in Resources */,
			);
			runOnlyForDeploymentPostprocessing = 0;
		};
		77D3C4C319A903AB001F00EC /* Resources */ = {
			isa = PBXResourcesBuildPhase;
			buildActionMask = 2147483647;
			files = (
				77D3C4D119A903AB001F00EC /* InfoPlist.strings in Resources */,
				9B1522211BE14EA700B3A52B /* beacons.json in Resources */,
			);
			runOnlyForDeploymentPostprocessing = 0;
		};
		9BDC49B11BEB441F00162557 /* Resources */ = {
			isa = PBXResourcesBuildPhase;
			buildActionMask = 2147483647;
			files = (
			);
			runOnlyForDeploymentPostprocessing = 0;
		};
/* End PBXResourcesBuildPhase section */

/* Begin PBXShellScriptBuildPhase section */
		47A0DC1FC2BE701E1582C5C2 /* Check Pods Manifest.lock */ = {
			isa = PBXShellScriptBuildPhase;
			buildActionMask = 2147483647;
			files = (
			);
			inputPaths = (
			);
			name = "Check Pods Manifest.lock";
			outputPaths = (
			);
			runOnlyForDeploymentPostprocessing = 0;
			shellPath = /bin/sh;
			shellScript = "diff \"${PODS_ROOT}/../Podfile.lock\" \"${PODS_ROOT}/Manifest.lock\" > /dev/null\nif [[ $? != 0 ]] ; then\n    cat << EOM\nerror: The sandbox is not in sync with the Podfile.lock. Run 'pod install' or update your CocoaPods installation.\nEOM\n    exit 1\nfi\n";
			showEnvVarsInLog = 0;
		};
		A71E1A9DE333FB3649ACF3F6 /* Copy Pods Resources */ = {
			isa = PBXShellScriptBuildPhase;
			buildActionMask = 2147483647;
			files = (
			);
			inputPaths = (
			);
			name = "Copy Pods Resources";
			outputPaths = (
			);
			runOnlyForDeploymentPostprocessing = 0;
			shellPath = /bin/sh;
			shellScript = "\"${SRCROOT}/Pods/Target Support Files/Pods/Pods-resources.sh\"\n";
			showEnvVarsInLog = 0;
		};
		CBF77020C601B80F31C288B1 /* Embed Pods Frameworks */ = {
			isa = PBXShellScriptBuildPhase;
			buildActionMask = 2147483647;
			files = (
			);
			inputPaths = (
			);
			name = "Embed Pods Frameworks";
			outputPaths = (
			);
			runOnlyForDeploymentPostprocessing = 0;
			shellPath = /bin/sh;
			shellScript = "\"${SRCROOT}/Pods/Target Support Files/Pods/Pods-frameworks.sh\"\n";
			showEnvVarsInLog = 0;
		};
/* End PBXShellScriptBuildPhase section */

/* Begin PBXSourcesBuildPhase section */
		77D3C49D19A903AA001F00EC /* Sources */ = {
			isa = PBXSourcesBuildPhase;
			buildActionMask = 2147483647;
			files = (
				9BDC46741BE75BFC00162557 /* IXEnteringBeaconRegion.m in Sources */,
				77906E371BEE019500114B0D /* IXSuggestionVC.swift in Sources */,
				9BDC49731BE8F95B00162557 /* NSOperation+Operations.swift in Sources */,
				9BDC466F1BE64C6900162557 /* IXPendingOperations.m in Sources */,
				7706F1FC1BFE1C42005B5048 /* IXPositioningManager.swift in Sources */,
				77906E331BEE000D00114B0D /* IXDownloadGuidesVC.swift in Sources */,
				9BDC495F1BE8F95B00162557 /* Dictionary+Operations.swift in Sources */,
				9BDC496F1BE8F95B00162557 /* NoCancelledDependencies.swift in Sources */,
				77906E311BEDFFD000114B0D /* IXHistoryTableVC.swift in Sources */,
				9BDC49871BE8F95B00162557 /* SilentCondition.swift in Sources */,
				9BDC49831BE8F95B00162557 /* ReachabilityCondition.swift in Sources */,
				9BDC498B1BE8F95B00162557 /* UIUserNotifications+Operations.swift in Sources */,
				77906E351BEE005200114B0D /* IXActiveGuideVC.swift in Sources */,
				77906E3D1BEE020D00114B0D /* IXNoBeaconVC.swift in Sources */,
				9BDC49891BE8F95B00162557 /* TimeoutObserver.swift in Sources */,
				E597D9F919A90FA700E308A9 /* IXLocationManager.m in Sources */,
				9BDC497F1BE8F95B00162557 /* PassbookCondition.swift in Sources */,
				9BDC49691BE8F95B00162557 /* LocationOperation.swift in Sources */,
				9BDC49631BE8F95B00162557 /* GroupOperation.swift in Sources */,
				9BDC498D1BE8F95B00162557 /* URLSessionTaskOperation.swift in Sources */,
				9BDC49651BE8F95B00162557 /* HealthCondition.swift in Sources */,
				E597DA0C19A9104C00E308A9 /* IXManager.m in Sources */,
				E597DA0F19A9105D00E308A9 /* IXAudioManager.m in Sources */,
				E597DA0619A9100D00E308A9 /* main.m in Sources */,
				E597DA0919A9103E00E308A9 /* IXDemoViewController.m in Sources */,
				9BDC49591BE8F95B00162557 /* CKContainer+Operations.swift in Sources */,
				9BDC499F1BEA495800162557 /* BeaconMonitorOperation.swift in Sources */,
				77906E391BEE01C700114B0D /* IXSuggestionDetailVC.swift in Sources */,
				9BDC49571BE8F95B00162557 /* CalendarCondition.swift in Sources */,
				E597DA1219A9106800E308A9 /* IXAppDelegate.m in Sources */,
				9BDC49531BE8F95B00162557 /* BlockObserver.swift in Sources */,
				9BDC497D1BE8F95B00162557 /* OperationQueue.swift in Sources */,
				9BDC496B1BE8F95B00162557 /* MutuallyExclusive.swift in Sources */,
				9BDC495D1BE8F95B00162557 /* DelayOperation.swift in Sources */,
				9BDC49971BE8FCDF00162557 /* EnterBeaconRangeOperation.swift in Sources */,
				9BDC46651BE4C17F00162557 /* IXPoi.m in Sources */,
				9BDC49A21BEAA6AE00162557 /* BeaconRangeOperation.swift in Sources */,
				9BDC49711BE8F95B00162557 /* NSLock+Operations.swift in Sources */,
				7706F1FE1BFF4895005B5048 /* SuggestionViewCell.swift in Sources */,
				7742E14B1C03642300BC26FF /* UIColor+Extension.swift in Sources */,
				9BDC496D1BE8F95B00162557 /* NegatedCondition.swift in Sources */,
				9BDC49811BE8F95B00162557 /* PhotosCondition.swift in Sources */,
				9BDC49771BE8F95B00162557 /* OperationCondition.swift in Sources */,
				77E3D7C719A916590058C62B /* IXBeacon.m in Sources */,
				77906E3B1BEE01F500114B0D /* IXFirstTimeHelpVC.swift in Sources */,
				9BDC49751BE8F95B00162557 /* Operation.swift in Sources */,
				9BDC495B1BE8F95B00162557 /* CloudCondition.swift in Sources */,
				9B15221D1BE14D4700B3A52B /* IXData.m in Sources */,
				9BDC498F1BE8F95B00162557 /* UserNotificationCondition.swift in Sources */,
				771550281C0620D10053E607 /* CBBeaconsMap.m in Sources */,
				9BDC466B1BE646C000162557 /* IXPoiQueue.m in Sources */,
				9BDC49551BE8F95B00162557 /* BlockOperation.swift in Sources */,
				9BDC49611BE8F95B00162557 /* ExclusivityController.swift in Sources */,
				9BDC49851BE8F95B00162557 /* RemoteNotificationCondition.swift in Sources */,
				9BDC49791BE8F95B00162557 /* OperationErrors.swift in Sources */,
				9BDC49671BE8F95B00162557 /* LocationCondition.swift in Sources */,
				9BDC497B1BE8F95B00162557 /* OperationObserver.swift in Sources */,
			);
			runOnlyForDeploymentPostprocessing = 0;
		};
		77D3C4C119A903AB001F00EC /* Sources */ = {
			isa = PBXSourcesBuildPhase;
			buildActionMask = 2147483647;
			files = (
				9BDC46751BE75BFC00162557 /* IXEnteringBeaconRegion.m in Sources */,
				9BDC49681BE8F95B00162557 /* LocationCondition.swift in Sources */,
				9BDC49861BE8F95B00162557 /* RemoteNotificationCondition.swift in Sources */,
				9BDC496C1BE8F95B00162557 /* MutuallyExclusive.swift in Sources */,
				9BDC49541BE8F95B00162557 /* BlockObserver.swift in Sources */,
				9BDC49781BE8F95B00162557 /* OperationCondition.swift in Sources */,
				9BDC49AC1BEAC29100162557 /* IXManager.m in Sources */,
				9BDC496E1BE8F95B00162557 /* NegatedCondition.swift in Sources */,
				9BDC46661BE4C17F00162557 /* IXPoi.m in Sources */,
				9BDC49561BE8F95B00162557 /* BlockOperation.swift in Sources */,
				9BDC49641BE8F95B00162557 /* GroupOperation.swift in Sources */,
				9BDC49581BE8F95B00162557 /* CalendarCondition.swift in Sources */,
				9BDC498A1BE8F95B00162557 /* TimeoutObserver.swift in Sources */,
				9BDC49801BE8F95B00162557 /* PassbookCondition.swift in Sources */,
				9BDC49721BE8F95B00162557 /* NSLock+Operations.swift in Sources */,
				9BDC49701BE8F95B00162557 /* NoCancelledDependencies.swift in Sources */,
				9BDC49901BE8F95B00162557 /* UserNotificationCondition.swift in Sources */,
				9BDC49AA1BEAC28700162557 /* IXBeacon.m in Sources */,
				9BDC49761BE8F95B00162557 /* Operation.swift in Sources */,
				9BDC49601BE8F95B00162557 /* Dictionary+Operations.swift in Sources */,
				9BDC49AB1BEAC28B00162557 /* IXAudioManager.m in Sources */,
				9BDC49981BE8FCDF00162557 /* EnterBeaconRangeOperation.swift in Sources */,
				9BDC498C1BE8F95B00162557 /* UIUserNotifications+Operations.swift in Sources */,
				9BDC46701BE64C6900162557 /* IXPendingOperations.m in Sources */,
				9BDC466C1BE646C000162557 /* IXPoiQueue.m in Sources */,
				9BDC496A1BE8F95B00162557 /* LocationOperation.swift in Sources */,
				9BDC495C1BE8F95B00162557 /* CloudCondition.swift in Sources */,
				9BDC495A1BE8F95B00162557 /* CKContainer+Operations.swift in Sources */,
				9B15221E1BE14D4700B3A52B /* IXData.m in Sources */,
				9BDC497C1BE8F95B00162557 /* OperationObserver.swift in Sources */,
				9BDC49A31BEAA6AE00162557 /* BeaconRangeOperation.swift in Sources */,
				9BDC497E1BE8F95B00162557 /* OperationQueue.swift in Sources */,
				9BDC497A1BE8F95B00162557 /* OperationErrors.swift in Sources */,
				9BDC49821BE8F95B00162557 /* PhotosCondition.swift in Sources */,
				9BDC49741BE8F95B00162557 /* NSOperation+Operations.swift in Sources */,
				77D3C4D319A903AB001F00EC /* ArtWhisperBeaconTests.m in Sources */,
				9BDC49A01BEA495800162557 /* BeaconMonitorOperation.swift in Sources */,
				9BDC49661BE8F95B00162557 /* HealthCondition.swift in Sources */,
				9BDC498E1BE8F95B00162557 /* URLSessionTaskOperation.swift in Sources */,
				9BDC49841BE8F95B00162557 /* ReachabilityCondition.swift in Sources */,
				9BDC495E1BE8F95B00162557 /* DelayOperation.swift in Sources */,
				9BDC49621BE8F95B00162557 /* ExclusivityController.swift in Sources */,
				9BDC49881BE8F95B00162557 /* SilentCondition.swift in Sources */,
			);
			runOnlyForDeploymentPostprocessing = 0;
		};
		9BDC49AF1BEB441F00162557 /* Sources */ = {
			isa = PBXSourcesBuildPhase;
			buildActionMask = 2147483647;
			files = (
				9BDC49BE1BEB449200162557 /* BeaconMonitorOperationTest.swift in Sources */,
				9BDC49B61BEB441F00162557 /* ArtWhisperTests.swift in Sources */,
			);
			runOnlyForDeploymentPostprocessing = 0;
		};
/* End PBXSourcesBuildPhase section */

/* Begin PBXTargetDependency section */
		77D3C4CB19A903AB001F00EC /* PBXTargetDependency */ = {
			isa = PBXTargetDependency;
			target = 77D3C4A019A903AA001F00EC /* ArtWhisper */;
			targetProxy = 77D3C4CA19A903AB001F00EC /* PBXContainerItemProxy */;
		};
		9BDC49B91BEB441F00162557 /* PBXTargetDependency */ = {
			isa = PBXTargetDependency;
			target = 77D3C4A019A903AA001F00EC /* ArtWhisper */;
			targetProxy = 9BDC49B81BEB441F00162557 /* PBXContainerItemProxy */;
		};
/* End PBXTargetDependency section */

/* Begin PBXVariantGroup section */
		7742E14C1C037EA300BC26FF /* Launch Screen.storyboard */ = {
			isa = PBXVariantGroup;
			children = (
				7742E14D1C037EA300BC26FF /* Base */,
			);
			name = "Launch Screen.storyboard";
			sourceTree = "<group>";
		};
		77D3C4CF19A903AB001F00EC /* InfoPlist.strings */ = {
			isa = PBXVariantGroup;
			children = (
				77D3C4D019A903AB001F00EC /* en */,
			);
			name = InfoPlist.strings;
			path = ../ArtWhisperObjcTests;
			sourceTree = "<group>";
		};
		E597D9FC19A90FFE00E308A9 /* Main_iPad.storyboard */ = {
			isa = PBXVariantGroup;
			children = (
				E597D9FD19A90FFE00E308A9 /* Base */,
			);
			name = Main_iPad.storyboard;
			sourceTree = "<group>";
		};
		E597D9FE19A90FFE00E308A9 /* Main_iPhone.storyboard */ = {
			isa = PBXVariantGroup;
			children = (
				E597D9FF19A90FFE00E308A9 /* Base */,
			);
			name = Main_iPhone.storyboard;
			sourceTree = "<group>";
		};
/* End PBXVariantGroup section */

/* Begin XCBuildConfiguration section */
		77D3C4D419A903AB001F00EC /* Debug */ = {
			isa = XCBuildConfiguration;
			buildSettings = {
				ALWAYS_SEARCH_USER_PATHS = NO;
				ASSETCATALOG_COMPILER_LAUNCHIMAGE_NAME = "";
				CLANG_CXX_LANGUAGE_STANDARD = "gnu++0x";
				CLANG_CXX_LIBRARY = "libc++";
				CLANG_ENABLE_MODULES = YES;
				CLANG_ENABLE_OBJC_ARC = YES;
				CLANG_WARN_BOOL_CONVERSION = YES;
				CLANG_WARN_CONSTANT_CONVERSION = YES;
				CLANG_WARN_DIRECT_OBJC_ISA_USAGE = YES_ERROR;
				CLANG_WARN_EMPTY_BODY = YES;
				CLANG_WARN_ENUM_CONVERSION = YES;
				CLANG_WARN_INT_CONVERSION = YES;
				CLANG_WARN_OBJC_ROOT_CLASS = YES_ERROR;
				CLANG_WARN__DUPLICATE_METHOD_MATCH = YES;
				"CODE_SIGN_IDENTITY[sdk=iphoneos*]" = "iPhone Developer";
				COPY_PHASE_STRIP = NO;
				ENABLE_TESTABILITY = YES;
				GCC_C_LANGUAGE_STANDARD = gnu99;
				GCC_DYNAMIC_NO_PIC = NO;
				GCC_OPTIMIZATION_LEVEL = 0;
				GCC_PREPROCESSOR_DEFINITIONS = (
					"DEBUG=1",
					"$(inherited)",
				);
				GCC_SYMBOLS_PRIVATE_EXTERN = NO;
				GCC_WARN_64_TO_32_BIT_CONVERSION = YES;
				GCC_WARN_ABOUT_RETURN_TYPE = YES_ERROR;
				GCC_WARN_UNDECLARED_SELECTOR = YES;
				GCC_WARN_UNINITIALIZED_AUTOS = YES_AGGRESSIVE;
				GCC_WARN_UNUSED_FUNCTION = YES;
				GCC_WARN_UNUSED_VARIABLE = YES;
				IPHONEOS_DEPLOYMENT_TARGET = 8.0;
				ONLY_ACTIVE_ARCH = YES;
				PRODUCT_NAME = ArtWhisper;
				SDKROOT = iphoneos;
				SWIFT_OBJC_BRIDGING_HEADER = "EuropeanaApp/EuropeanaApp-Bridging-Header.h";
				SWIFT_OPTIMIZATION_LEVEL = "-Onone";
				TARGETED_DEVICE_FAMILY = "1,2";
			};
			name = Debug;
		};
		77D3C4D519A903AB001F00EC /* Release */ = {
			isa = XCBuildConfiguration;
			buildSettings = {
				ALWAYS_SEARCH_USER_PATHS = NO;
				ASSETCATALOG_COMPILER_LAUNCHIMAGE_NAME = "";
				CLANG_CXX_LANGUAGE_STANDARD = "gnu++0x";
				CLANG_CXX_LIBRARY = "libc++";
				CLANG_ENABLE_MODULES = YES;
				CLANG_ENABLE_OBJC_ARC = YES;
				CLANG_WARN_BOOL_CONVERSION = YES;
				CLANG_WARN_CONSTANT_CONVERSION = YES;
				CLANG_WARN_DIRECT_OBJC_ISA_USAGE = YES_ERROR;
				CLANG_WARN_EMPTY_BODY = YES;
				CLANG_WARN_ENUM_CONVERSION = YES;
				CLANG_WARN_INT_CONVERSION = YES;
				CLANG_WARN_OBJC_ROOT_CLASS = YES_ERROR;
				CLANG_WARN__DUPLICATE_METHOD_MATCH = YES;
				"CODE_SIGN_IDENTITY[sdk=iphoneos*]" = "iPhone Developer";
				COPY_PHASE_STRIP = YES;
				ENABLE_NS_ASSERTIONS = NO;
				GCC_C_LANGUAGE_STANDARD = gnu99;
				GCC_WARN_64_TO_32_BIT_CONVERSION = YES;
				GCC_WARN_ABOUT_RETURN_TYPE = YES_ERROR;
				GCC_WARN_UNDECLARED_SELECTOR = YES;
				GCC_WARN_UNINITIALIZED_AUTOS = YES_AGGRESSIVE;
				GCC_WARN_UNUSED_FUNCTION = YES;
				GCC_WARN_UNUSED_VARIABLE = YES;
				IPHONEOS_DEPLOYMENT_TARGET = 8.0;
				PRODUCT_NAME = ArtWhisper;
				SDKROOT = iphoneos;
				SWIFT_OBJC_BRIDGING_HEADER = "EuropeanaApp/EuropeanaApp-Bridging-Header.h";
				TARGETED_DEVICE_FAMILY = "1,2";
				VALIDATE_PRODUCT = YES;
			};
			name = Release;
		};
		77D3C4D719A903AB001F00EC /* Debug */ = {
			isa = XCBuildConfiguration;
			baseConfigurationReference = 531859C7F72D5413B4FEE892 /* Pods.debug.xcconfig */;
			buildSettings = {
				ASSETCATALOG_COMPILER_APPICON_NAME = AppIcon;
				CODE_SIGN_IDENTITY = "iPhone Developer";
				"CODE_SIGN_IDENTITY[sdk=iphoneos*]" = "iPhone Developer";
				GCC_PRECOMPILE_PREFIX_HEADER = YES;
				GCC_PREFIX_HEADER = "EuropeanaApp/Resources/ArtWhisper-Prefix.pch";
				INFOPLIST_FILE = "$(SRCROOT)/EuropeanaApp/Resources/ArtWhisper-Info.plist";
				IPHONEOS_DEPLOYMENT_TARGET = 8.0;
				PRODUCT_BUNDLE_IDENTIFIER = "us.phlux.${PRODUCT_NAME:rfc1034identifier}";
				PRODUCT_NAME = "$(TARGET_NAME)";
				PROVISIONING_PROFILE = "";
				TARGETED_DEVICE_FAMILY = 1;
				WRAPPER_EXTENSION = app;
			};
			name = Debug;
		};
		77D3C4D819A903AB001F00EC /* Release */ = {
			isa = XCBuildConfiguration;
			baseConfigurationReference = 80894D2A9DCF0FE7CFECBC62 /* Pods.release.xcconfig */;
			buildSettings = {
				ASSETCATALOG_COMPILER_APPICON_NAME = AppIcon;
				CODE_SIGN_IDENTITY = "iPhone Developer";
				"CODE_SIGN_IDENTITY[sdk=iphoneos*]" = "iPhone Developer";
				GCC_PRECOMPILE_PREFIX_HEADER = YES;
				GCC_PREFIX_HEADER = "EuropeanaApp/Resources/ArtWhisper-Prefix.pch";
				INFOPLIST_FILE = "$(SRCROOT)/EuropeanaApp/Resources/ArtWhisper-Info.plist";
				IPHONEOS_DEPLOYMENT_TARGET = 8.0;
				PRODUCT_BUNDLE_IDENTIFIER = "us.phlux.${PRODUCT_NAME:rfc1034identifier}";
				PRODUCT_NAME = "$(TARGET_NAME)";
				PROVISIONING_PROFILE = "";
				TARGETED_DEVICE_FAMILY = 1;
				WRAPPER_EXTENSION = app;
			};
			name = Release;
		};
		77D3C4DA19A903AB001F00EC /* Debug */ = {
			isa = XCBuildConfiguration;
			buildSettings = {
				BUNDLE_LOADER = "$(BUILT_PRODUCTS_DIR)/EuropeanaApp.app/EuropeanaApp";
				CODE_SIGN_IDENTITY = "iPhone Developer";
				"CODE_SIGN_IDENTITY[sdk=iphoneos*]" = "iPhone Developer";
				FRAMEWORK_SEARCH_PATHS = (
					"$(SDKROOT)/Developer/Library/Frameworks",
					"$(inherited)",
					"$(DEVELOPER_FRAMEWORKS_DIR)",
				);
				GCC_PRECOMPILE_PREFIX_HEADER = YES;
				GCC_PREFIX_HEADER = "EuropeanaApp/Resources/ArtWhisper-Prefix.pch";
				GCC_PREPROCESSOR_DEFINITIONS = (
					"DEBUG=1",
					"$(inherited)",
				);
				INFOPLIST_FILE = "";
				PRODUCT_BUNDLE_IDENTIFIER = "us.phlux.${PRODUCT_NAME:rfc1034identifier}";
				PRODUCT_NAME = "$(TARGET_NAME)";
				PROVISIONING_PROFILE = "";
				TEST_HOST = "$(BUNDLE_LOADER)";
				WRAPPER_EXTENSION = xctest;
			};
			name = Debug;
		};
		77D3C4DB19A903AB001F00EC /* Release */ = {
			isa = XCBuildConfiguration;
			buildSettings = {
				BUNDLE_LOADER = "$(BUILT_PRODUCTS_DIR)/EuropeanaApp.app/EuropeanaApp";
				CODE_SIGN_IDENTITY = "iPhone Developer";
				"CODE_SIGN_IDENTITY[sdk=iphoneos*]" = "iPhone Developer";
				FRAMEWORK_SEARCH_PATHS = (
					"$(SDKROOT)/Developer/Library/Frameworks",
					"$(inherited)",
					"$(DEVELOPER_FRAMEWORKS_DIR)",
				);
				GCC_PRECOMPILE_PREFIX_HEADER = YES;
				GCC_PREFIX_HEADER = "EuropeanaApp/Resources/ArtWhisper-Prefix.pch";
				INFOPLIST_FILE = "";
				PRODUCT_BUNDLE_IDENTIFIER = "us.phlux.${PRODUCT_NAME:rfc1034identifier}";
				PRODUCT_NAME = "$(TARGET_NAME)";
				PROVISIONING_PROFILE = "";
				TEST_HOST = "$(BUNDLE_LOADER)";
				WRAPPER_EXTENSION = xctest;
			};
			name = Release;
		};
		9BDC49BB1BEB441F00162557 /* Debug */ = {
			isa = XCBuildConfiguration;
			buildSettings = {
				BUNDLE_LOADER = "$(TEST_HOST)";
				CLANG_WARN_UNREACHABLE_CODE = YES;
				DEBUG_INFORMATION_FORMAT = dwarf;
				ENABLE_STRICT_OBJC_MSGSEND = YES;
				GCC_NO_COMMON_BLOCKS = YES;
				INFOPLIST_FILE = ArtWhisperSwiftTests/Info.plist;
				IPHONEOS_DEPLOYMENT_TARGET = 9.1;
				LD_RUNPATH_SEARCH_PATHS = "$(inherited) @executable_path/Frameworks @loader_path/Frameworks";
				MTL_ENABLE_DEBUG_INFO = YES;
				PRODUCT_BUNDLE_IDENTIFIER = com.loc4or.ArtWhisperTests;
				PRODUCT_NAME = "$(TARGET_NAME)";
				SDKROOT = iphoneos;
				SWIFT_OPTIMIZATION_LEVEL = "-Onone";
				TEST_HOST = "$(BUILT_PRODUCTS_DIR)/EuropeanaApp.app/EuropeanaApp";
			};
			name = Debug;
		};
		9BDC49BC1BEB441F00162557 /* Release */ = {
			isa = XCBuildConfiguration;
			buildSettings = {
				BUNDLE_LOADER = "$(TEST_HOST)";
				CLANG_WARN_UNREACHABLE_CODE = YES;
				COPY_PHASE_STRIP = NO;
				DEBUG_INFORMATION_FORMAT = "dwarf-with-dsym";
				ENABLE_STRICT_OBJC_MSGSEND = YES;
				GCC_NO_COMMON_BLOCKS = YES;
				INFOPLIST_FILE = ArtWhisperSwiftTests/Info.plist;
				IPHONEOS_DEPLOYMENT_TARGET = 9.1;
				LD_RUNPATH_SEARCH_PATHS = "$(inherited) @executable_path/Frameworks @loader_path/Frameworks";
				MTL_ENABLE_DEBUG_INFO = NO;
				PRODUCT_BUNDLE_IDENTIFIER = com.loc4or.ArtWhisperTests;
				PRODUCT_NAME = "$(TARGET_NAME)";
				SDKROOT = iphoneos;
				TEST_HOST = "$(BUILT_PRODUCTS_DIR)/EuropeanaApp.app/EuropeanaApp";
			};
			name = Release;
		};
/* End XCBuildConfiguration section */

/* Begin XCConfigurationList section */
		77D3C49C19A903AA001F00EC /* Build configuration list for PBXProject "ArtWhisper" */ = {
			isa = XCConfigurationList;
			buildConfigurations = (
				77D3C4D419A903AB001F00EC /* Debug */,
				77D3C4D519A903AB001F00EC /* Release */,
			);
			defaultConfigurationIsVisible = 0;
			defaultConfigurationName = Release;
		};
		77D3C4D619A903AB001F00EC /* Build configuration list for PBXNativeTarget "ArtWhisper" */ = {
			isa = XCConfigurationList;
			buildConfigurations = (
				77D3C4D719A903AB001F00EC /* Debug */,
				77D3C4D819A903AB001F00EC /* Release */,
			);
			defaultConfigurationIsVisible = 0;
			defaultConfigurationName = Release;
		};
		77D3C4D919A903AB001F00EC /* Build configuration list for PBXNativeTarget "ArtWhisperObjcTests" */ = {
			isa = XCConfigurationList;
			buildConfigurations = (
				77D3C4DA19A903AB001F00EC /* Debug */,
				77D3C4DB19A903AB001F00EC /* Release */,
			);
			defaultConfigurationIsVisible = 0;
			defaultConfigurationName = Release;
		};
		9BDC49BA1BEB441F00162557 /* Build configuration list for PBXNativeTarget "ArtWhisperTests" */ = {
			isa = XCConfigurationList;
			buildConfigurations = (
				9BDC49BB1BEB441F00162557 /* Debug */,
				9BDC49BC1BEB441F00162557 /* Release */,
			);
			defaultConfigurationIsVisible = 0;
			defaultConfigurationName = Release;
		};
/* End XCConfigurationList section */
	};
	rootObject = 77D3C49919A903AA001F00EC /* Project object */;
}
